PODS:
  - SwiftFormat/CLI (0.48.1)
  - SwiftGen (6.4.0)
  - SwiftLint (0.43.1)

DEPENDENCIES:
  - SwiftFormat/CLI
  - SwiftGen
  - SwiftLint

SPEC REPOS:
  trunk:
    - SwiftFormat
    - SwiftGen
    - SwiftLint

SPEC CHECKSUMS:
  SwiftFormat: 094c5e2e6c36dafdd128d04cff4a0a7d87492e73
  SwiftGen: 67860cc7c3cfc2ed25b9b74cfd55495fc89f9108
  SwiftLint: 99f82d07b837b942dd563c668de129a03fc3fb52

PODFILE CHECKSUM: 330f507f85e1aefb2fb46edfabfda2618ad05e14

COCOAPODS: 1.10.1
