PODS:
  - SwiftGen (6.1.0)
  - SwiftLint (0.32.0)

DEPENDENCIES:
  - SwiftGen
  - SwiftLint

SPEC REPOS:
  trunk:
    - SwiftGen
    - SwiftLint

SPEC CHECKSUMS:
  SwiftGen: f872ca75cbd17bf7103c17f13dcfa0d9a15667b0
  SwiftLint: 009a898ef2a1c851f45e1b59349bf6ff2ddc990d

PODFILE CHECKSUM: edcc74d04ec33837cd083484d8c53825866d970f

COCOAPODS: 1.10.1
