{
  "object": {
    "pins": [
      {
        "package": "Alamofire",
        "repositoryURL": "https://github.com/Alamofire/Alamofire.git",
        "state": {
          "branch": null,
          "revision": "747c8db8d57b68d5e35275f10c92d55f982adbd4",
          "version": "4.9.1"
        }
      },
      {
        "package": "combine-schedulers",
        "repositoryURL": "https://github.com/pointfreeco/combine-schedulers",
        "state": {
          "branch": "main",
          "revision": "c148b06890a079dc342ecd740ce534391abe90d5",
          "version": null
        }
      },
      {
        "package": "CombineCocoa",
        "repositoryURL": "https://github.com/CombineCommunity/CombineCocoa.git",
        "state": {
          "branch": null,
          "revision": "4e262c2f9fb1cee1cb3be5717f7e6b55eb823971",
          "version": "0.4.0"
        }
      },
      {
        "package": "CoreNetwork",
        "repositoryURL": "https://github.com/AnasAlhasani/CoreNetwork",
        "state": {
          "branch": null,
          "revision": "54185f3d7131efab73885f7c9428f1d4da2e44b8",
          "version": "1.0.8"
        }
      },
      {
        "package": "CryptoSwift",
        "repositoryURL": "https://github.com/krzyzanowskim/CryptoSwift",
        "state": {
          "branch": null,
          "revision": "4e31051c63cc0ddf10a25cf5318856c510cf77f4",
          "version": "1.4.0"
        }
      },
      {
        "package": "Kingfisher",
        "repositoryURL": "https://github.com/onevcat/Kingfisher",
        "state": {
          "branch": null,
          "revision": "44450a8f564d7c0165f736ba2250649ff8d3e556",
          "version": "6.3.0"
        }
      },
      {
        "package": "Promises",
        "repositoryURL": "https://github.com/google/promises.git",
        "state": {
          "branch": null,
          "revision": "afa9a1ace74e116848d4f743599ab83e584ff8cb",
          "version": "1.2.12"
        }
      },
      {
        "package": "Realm",
        "repositoryURL": "https://github.com/realm/realm-cocoa",
        "state": {
          "branch": null,
          "revision": "7e5c77fd7fbb30259e8e6e6a41f32289f72e0812",
          "version": "10.7.6"
        }
      },
      {
        "package": "RealmDatabase",
        "repositoryURL": "https://github.com/realm/realm-core",
        "state": {
          "branch": null,
          "revision": "018adb3469c2882904febca251778129ef4a9b70",
          "version": "10.7.2"
        }
      },
      {
        "package": "xctest-dynamic-overlay",
        "repositoryURL": "https://github.com/pointfreeco/xctest-dynamic-overlay",
        "state": {
          "branch": null,
          "revision": "50a70a9d3583fe228ce672e8923010c8df2deddd",
          "version": "0.2.1"
        }
      }
    ]
  },
  "version": 1
}
