// !$*UTF8*$!
{
	archiveVersion = 1;
	classes = {
	};
	objectVersion = 52;
	objects = {

/* Begin PBXBuildFile section */
		2D5FB3D3B8C50E8B4DAAD6B0 /* Pods_MarvelTests.framework in Frameworks */ = {isa = PBXBuildFile; fileRef = 2BA5B60585AB88BEDC2F1562 /* Pods_MarvelTests.framework */; };
		5D0A83CB2651ABCE0075A622 /* CharacterItemTests.swift in Sources */ = {isa = PBXBuildFile; fileRef = 5D0A83CA2651ABCE0075A622 /* CharacterItemTests.swift */; };
		5D0A83CE2651B2530075A622 /* CharacterDetailViewModelTests.swift in Sources */ = {isa = PBXBuildFile; fileRef = 5D0A83CD2651B2530075A622 /* CharacterDetailViewModelTests.swift */; };
		5D0A83D02651BC6F0075A622 /* CharacterDetailsItemTests.swift in Sources */ = {isa = PBXBuildFile; fileRef = 5D0A83CF2651BC6F0075A622 /* CharacterDetailsItemTests.swift */; };
		5D161569264167E1004D00C4 /* CoreNetwork in Frameworks */ = {isa = PBXBuildFile; productRef = 5D161568264167E1004D00C4 /* CoreNetwork */; };
		5D16156C264167FF004D00C4 /* Kingfisher in Frameworks */ = {isa = PBXBuildFile; productRef = 5D16156B264167FF004D00C4 /* Kingfisher */; };
		5D16156F26416829004D00C4 /* CryptoSwift in Frameworks */ = {isa = PBXBuildFile; productRef = 5D16156E26416829004D00C4 /* CryptoSwift */; };
		5D16157226416895004D00C4 /* RealmSwift in Frameworks */ = {isa = PBXBuildFile; productRef = 5D16157126416895004D00C4 /* RealmSwift */; };
		5D217FDB227B467B00006DBE /* Assets.swift in Sources */ = {isa = PBXBuildFile; fileRef = 5D217FDA227B467B00006DBE /* Assets.swift */; };
		5D217FE2227B4AC000006DBE /* UIImageView.swift in Sources */ = {isa = PBXBuildFile; fileRef = 5D217FE1227B4AC000006DBE /* UIImageView.swift */; };
		5D217FE4227B4C8A00006DBE /* UIColor.swift in Sources */ = {isa = PBXBuildFile; fileRef = 5D217FE3227B4C8A00006DBE /* UIColor.swift */; };
		5D217FEB227B4D3600006DBE /* KeyedDecodingContainer.swift in Sources */ = {isa = PBXBuildFile; fileRef = 5D217FEA227B4D3600006DBE /* KeyedDecodingContainer.swift */; };
		5D217FEE227B4DA900006DBE /* PluggableApplicationDelegate.swift in Sources */ = {isa = PBXBuildFile; fileRef = 5D217FED227B4DA900006DBE /* PluggableApplicationDelegate.swift */; };
		5D217FF2227B4DF000006DBE /* ThemePlugin.swift in Sources */ = {isa = PBXBuildFile; fileRef = 5D217FF1227B4DF000006DBE /* ThemePlugin.swift */; };
		5D217FFE227B53C600006DBE /* MarvelError.swift in Sources */ = {isa = PBXBuildFile; fileRef = 5D217FFD227B53C600006DBE /* MarvelError.swift */; };
		5D218000227B545300006DBE /* MarvelResponse.swift in Sources */ = {isa = PBXBuildFile; fileRef = 5D217FFF227B545300006DBE /* MarvelResponse.swift */; };
		5D218005227B58CE00006DBE /* CharacterUseCase.swift in Sources */ = {isa = PBXBuildFile; fileRef = 5D218004227B58CE00006DBE /* CharacterUseCase.swift */; };
		5D21800E227B5AEF00006DBE /* Media.swift in Sources */ = {isa = PBXBuildFile; fileRef = 5D21800D227B5AEF00006DBE /* Media.swift */; };
		5D218014227B702F00006DBE /* MarvelCharacter.swift in Sources */ = {isa = PBXBuildFile; fileRef = 5D218013227B702F00006DBE /* MarvelCharacter.swift */; };
		5D218018227B996D00006DBE /* MarvelParameter.swift in Sources */ = {isa = PBXBuildFile; fileRef = 5D218017227B996D00006DBE /* MarvelParameter.swift */; };
		5D21801A227B9D4700006DBE /* Image.swift in Sources */ = {isa = PBXBuildFile; fileRef = 5D218019227B9D4700006DBE /* Image.swift */; };
		5D21801D227C2B7000006DBE /* CharactersViewController.swift in Sources */ = {isa = PBXBuildFile; fileRef = 5D21801C227C2B7000006DBE /* CharactersViewController.swift */; };
		5D21801F227C318F00006DBE /* CharactersCell.swift in Sources */ = {isa = PBXBuildFile; fileRef = 5D21801E227C318F00006DBE /* CharactersCell.swift */; };
		5D218022227C3CEE00006DBE /* ParallelogramView.swift in Sources */ = {isa = PBXBuildFile; fileRef = 5D218021227C3CEE00006DBE /* ParallelogramView.swift */; };
		5D218029227C3F3900006DBE /* LoadingStateView.xib in Resources */ = {isa = PBXBuildFile; fileRef = 5D218025227C3F3900006DBE /* LoadingStateView.xib */; };
		5D21802A227C3F3900006DBE /* EmptyStateView.xib in Resources */ = {isa = PBXBuildFile; fileRef = 5D218026227C3F3900006DBE /* EmptyStateView.xib */; };
		5D21802B227C3F3900006DBE /* ErrorStateView.swift in Sources */ = {isa = PBXBuildFile; fileRef = 5D218027227C3F3900006DBE /* ErrorStateView.swift */; };
		5D21802C227C3F3900006DBE /* ErrorStateView.xib in Resources */ = {isa = PBXBuildFile; fileRef = 5D218028227C3F3900006DBE /* ErrorStateView.xib */; };
		5D433CFD227DEBBE00C116FA /* WindowPlugin.swift in Sources */ = {isa = PBXBuildFile; fileRef = 5D433CFC227DEBBE00C116FA /* WindowPlugin.swift */; };
		5D45D064264CBF5E00345602 /* Localizable.strings in Resources */ = {isa = PBXBuildFile; fileRef = 5D45D066264CBF5E00345602 /* Localizable.strings */; };
		5D45D06B264CBFF900345602 /* Colors.xcassets in Resources */ = {isa = PBXBuildFile; fileRef = 5D45D06A264CBFF900345602 /* Colors.xcassets */; };
		5D47378425251E6A00360C4A /* RealmObject.swift in Sources */ = {isa = PBXBuildFile; fileRef = 5D47378325251E6A00360C4A /* RealmObject.swift */; };
		5D47378625251EE700360C4A /* Entity.swift in Sources */ = {isa = PBXBuildFile; fileRef = 5D47378525251EE700360C4A /* Entity.swift */; };
		5D4739CE227DB6D4000941C6 /* MediaUseCase.swift in Sources */ = {isa = PBXBuildFile; fileRef = 5D4739CD227DB6D4000941C6 /* MediaUseCase.swift */; };
		5D4CC878276F814100162F6C /* Theme.swift in Sources */ = {isa = PBXBuildFile; fileRef = 5D4CC877276F814100162F6C /* Theme.swift */; };
		5D4CC87A276F9CFF00162F6C /* PassthroughSubject.swift in Sources */ = {isa = PBXBuildFile; fileRef = 5D4CC879276F9CFF00162F6C /* PassthroughSubject.swift */; };
		5D4CC87C276FADD000162F6C /* Collection.swift in Sources */ = {isa = PBXBuildFile; fileRef = 5D4CC87B276FADD000162F6C /* Collection.swift */; };
		5D4CC87E276FE0D900162F6C /* ViewModel.swift in Sources */ = {isa = PBXBuildFile; fileRef = 5D4CC87D276FE0D800162F6C /* ViewModel.swift */; };
		5D50C87C22821F37008A4BFA /* MediaType.swift in Sources */ = {isa = PBXBuildFile; fileRef = 5D50C87B22821F37008A4BFA /* MediaType.swift */; };
		5D5C126E2280831600B9B4EF /* Optional.swift in Sources */ = {isa = PBXBuildFile; fileRef = 5D5C126D2280831600B9B4EF /* Optional.swift */; };
		5D606E12264CC98600E8D23D /* Strings.swift in Sources */ = {isa = PBXBuildFile; fileRef = 5D606E11264CC98600E8D23D /* Strings.swift */; };
		5D606E14264D60C400E8D23D /* Resources+Types.swift in Sources */ = {isa = PBXBuildFile; fileRef = 5D606E13264D60C400E8D23D /* Resources+Types.swift */; };
		5D606E16264D64B900E8D23D /* EmptyStateView.swift in Sources */ = {isa = PBXBuildFile; fileRef = 5D606E15264D64B900E8D23D /* EmptyStateView.swift */; };
		5D606E18264D64C500E8D23D /* LoadingStateView.swift in Sources */ = {isa = PBXBuildFile; fileRef = 5D606E17264D64C500E8D23D /* LoadingStateView.swift */; };
		5D606E29264D752200E8D23D /* APIClientSpy.swift in Sources */ = {isa = PBXBuildFile; fileRef = 5D606E28264D752200E8D23D /* APIClientSpy.swift */; };
		5D606E2C264D757400E8D23D /* EntityTestDouble.swift in Sources */ = {isa = PBXBuildFile; fileRef = 5D606E2B264D757400E8D23D /* EntityTestDouble.swift */; };
		5D606E2E264D773900E8D23D /* CharacterGatewayTests.swift in Sources */ = {isa = PBXBuildFile; fileRef = 5D606E2D264D773900E8D23D /* CharacterGatewayTests.swift */; };
		5D606E30264D79D300E8D23D /* MarvelCharacter.swift in Sources */ = {isa = PBXBuildFile; fileRef = 5D606E2F264D79D300E8D23D /* MarvelCharacter.swift */; };
		5D606E32264D7B2700E8D23D /* PaginatorTests.swift in Sources */ = {isa = PBXBuildFile; fileRef = 5D606E31264D7B2700E8D23D /* PaginatorTests.swift */; };
		5D606E34264DB0B400E8D23D /* MediaGatewayTests.swift in Sources */ = {isa = PBXBuildFile; fileRef = 5D606E33264DB0B400E8D23D /* MediaGatewayTests.swift */; };
		5D606E36264DB16300E8D23D /* Media.swift in Sources */ = {isa = PBXBuildFile; fileRef = 5D606E35264DB16300E8D23D /* Media.swift */; };
		5D606E3B264DBA3300E8D23D /* MarvelPaginator.swift in Sources */ = {isa = PBXBuildFile; fileRef = 5D606E3A264DBA3300E8D23D /* MarvelPaginator.swift */; };
		5D606E3D264DBC1900E8D23D /* Identifiable.swift in Sources */ = {isa = PBXBuildFile; fileRef = 5D606E3C264DBC1900E8D23D /* Identifiable.swift */; };
		5D606E3F264DBC3200E8D23D /* Parameter.swift in Sources */ = {isa = PBXBuildFile; fileRef = 5D606E3E264DBC3200E8D23D /* Parameter.swift */; };
		5D606E41264DBDAA00E8D23D /* IdentityTests.swift in Sources */ = {isa = PBXBuildFile; fileRef = 5D606E40264DBDAA00E8D23D /* IdentityTests.swift */; };
		5D606E44264E84CA00E8D23D /* RealmRepositorySpy.swift in Sources */ = {isa = PBXBuildFile; fileRef = 5D606E43264E84CA00E8D23D /* RealmRepositorySpy.swift */; };
		5D606E46264E857F00E8D23D /* AnyRepositoryTests.swift in Sources */ = {isa = PBXBuildFile; fileRef = 5D606E45264E857E00E8D23D /* AnyRepositoryTests.swift */; };
		5D606E48264E89AD00E8D23D /* RealmRepositoryTests.swift in Sources */ = {isa = PBXBuildFile; fileRef = 5D606E47264E89AD00E8D23D /* RealmRepositoryTests.swift */; };
		5D606E50264EC55600E8D23D /* CharacterGatewayStub.swift in Sources */ = {isa = PBXBuildFile; fileRef = 5D606E4F264EC55600E8D23D /* CharacterGatewayStub.swift */; };
		5D606E52264EC56300E8D23D /* MediaGatewayStub.swift in Sources */ = {isa = PBXBuildFile; fileRef = 5D606E51264EC56300E8D23D /* MediaGatewayStub.swift */; };
		5D606E55264EC5DE00E8D23D /* CharacterGateway.swift in Sources */ = {isa = PBXBuildFile; fileRef = 5D606E54264EC5DE00E8D23D /* CharacterGateway.swift */; };
		5D606E57264EC5E700E8D23D /* MediaGateway.swift in Sources */ = {isa = PBXBuildFile; fileRef = 5D606E56264EC5E700E8D23D /* MediaGateway.swift */; };
		5D606E5C264EC7F000E8D23D /* CharacterUseCaseStub.swift in Sources */ = {isa = PBXBuildFile; fileRef = 5D606E5B264EC7F000E8D23D /* CharacterUseCaseStub.swift */; };
		5D606E5E264EC7F900E8D23D /* MediaUseCaseStub.swift in Sources */ = {isa = PBXBuildFile; fileRef = 5D606E5D264EC7F900E8D23D /* MediaUseCaseStub.swift */; };
		5D606E65264EC9B800E8D23D /* CharacterUseCaseTests.swift in Sources */ = {isa = PBXBuildFile; fileRef = 5D606E64264EC9B800E8D23D /* CharacterUseCaseTests.swift */; };
		5D606E67264EC9C400E8D23D /* MediaUseCaseTests.swift in Sources */ = {isa = PBXBuildFile; fileRef = 5D606E66264EC9C400E8D23D /* MediaUseCaseTests.swift */; };
		5D606E69264ECC4900E8D23D /* RepositoryStub.swift in Sources */ = {isa = PBXBuildFile; fileRef = 5D606E68264ECC4900E8D23D /* RepositoryStub.swift */; };
		5D606E6E264F11E800E8D23D /* CharactersViewModelTests.swift in Sources */ = {isa = PBXBuildFile; fileRef = 5D606E6D264F11E800E8D23D /* CharactersViewModelTests.swift */; };
		5D606E70264F234100E8D23D /* CharactersListRouterSpy.swift in Sources */ = {isa = PBXBuildFile; fileRef = 5D606E6F264F234100E8D23D /* CharactersListRouterSpy.swift */; };
		5D6DFC2E27862B5C002078E4 /* XcodeConfig in Frameworks */ = {isa = PBXBuildFile; productRef = 5D6DFC2D27862B5C002078E4 /* XcodeConfig */; };
		5D9228F42280F1200048C614 /* APIClient.swift in Sources */ = {isa = PBXBuildFile; fileRef = 5D9228EF2280F1200048C614 /* APIClient.swift */; };
		5D9228F52280F1200048C614 /* APICharacterGateway.swift in Sources */ = {isa = PBXBuildFile; fileRef = 5D9228F02280F1200048C614 /* APICharacterGateway.swift */; };
		5D9228F62280F1200048C614 /* APIMarvelMediaGateway.swift in Sources */ = {isa = PBXBuildFile; fileRef = 5D9228F12280F1200048C614 /* APIMarvelMediaGateway.swift */; };
		5D9229052281912B0048C614 /* AbstractRepository.swift in Sources */ = {isa = PBXBuildFile; fileRef = 5D9229042281912B0048C614 /* AbstractRepository.swift */; };
		5D922907228191360048C614 /* RealmRepository.swift in Sources */ = {isa = PBXBuildFile; fileRef = 5D922906228191360048C614 /* RealmRepository.swift */; };
		5D9B671C2525234B0070C08D /* Codable.swift in Sources */ = {isa = PBXBuildFile; fileRef = 5D9B671B2525234B0070C08D /* Codable.swift */; };
		5D9B671F25252D8A0070C08D /* Config.swift in Sources */ = {isa = PBXBuildFile; fileRef = 5D9B671E25252D8A0070C08D /* Config.swift */; };
		5D9B672125252D960070C08D /* Environment.swift in Sources */ = {isa = PBXBuildFile; fileRef = 5D9B672025252D960070C08D /* Environment.swift */; };
		5DA0D0D4265FA202002885E3 /* AnyPublisher.swift in Sources */ = {isa = PBXBuildFile; fileRef = 5DA0D0D3265FA202002885E3 /* AnyPublisher.swift */; };
		5DA0D0D9265FA3B8002885E3 /* XCTestCase+Publisher.swift in Sources */ = {isa = PBXBuildFile; fileRef = 5DA0D0D8265FA3B8002885E3 /* XCTestCase+Publisher.swift */; };
		5DA0D0DB265FA542002885E3 /* Result.swift in Sources */ = {isa = PBXBuildFile; fileRef = 5DA0D0DA265FA542002885E3 /* Result.swift */; };
		5DA3D8302785C47F0067801A /* AnyScheduler.swift in Sources */ = {isa = PBXBuildFile; fileRef = 5DA3D82F2785C47F0067801A /* AnyScheduler.swift */; };
		5DA3D8332785C4B90067801A /* CombineSchedulers in Frameworks */ = {isa = PBXBuildFile; productRef = 5DA3D8322785C4B90067801A /* CombineSchedulers */; };
		5DA3D8362785D3780067801A /* CombineCocoa in Frameworks */ = {isa = PBXBuildFile; productRef = 5DA3D8352785D3780067801A /* CombineCocoa */; };
		5DBB7169265EEA0700947A5C /* Publisher.swift in Sources */ = {isa = PBXBuildFile; fileRef = 5DBB7168265EEA0700947A5C /* Publisher.swift */; };
		5DC6482A227C419E0080B1F4 /* State.swift in Sources */ = {isa = PBXBuildFile; fileRef = 5DC64829227C419E0080B1F4 /* State.swift */; };
		5DC6482C227C41CF0080B1F4 /* ListView+State.swift in Sources */ = {isa = PBXBuildFile; fileRef = 5DC6482B227C41CF0080B1F4 /* ListView+State.swift */; };
		5DC6482E227C42150080B1F4 /* UIView.swift in Sources */ = {isa = PBXBuildFile; fileRef = 5DC6482D227C42150080B1F4 /* UIView.swift */; };
		5DC64835227C813D0080B1F4 /* CellConfigurable.swift in Sources */ = {isa = PBXBuildFile; fileRef = 5DC64834227C813D0080B1F4 /* CellConfigurable.swift */; };
		5DC64838227C81610080B1F4 /* TableViewDataSource.swift in Sources */ = {isa = PBXBuildFile; fileRef = 5DC64837227C81610080B1F4 /* TableViewDataSource.swift */; };
		5DC6483A227C838D0080B1F4 /* UITableView.swift in Sources */ = {isa = PBXBuildFile; fileRef = 5DC64839227C838D0080B1F4 /* UITableView.swift */; };
		5DC6483C227C88850080B1F4 /* CharactersViewModel.swift in Sources */ = {isa = PBXBuildFile; fileRef = 5DC6483B227C88850080B1F4 /* CharactersViewModel.swift */; };
		5DC64840227C99A90080B1F4 /* CharacterItem.swift in Sources */ = {isa = PBXBuildFile; fileRef = 5DC6483F227C99A90080B1F4 /* CharacterItem.swift */; };
		5DC64843227CA3ED0080B1F4 /* SearchViewController.swift in Sources */ = {isa = PBXBuildFile; fileRef = 5DC64842227CA3ED0080B1F4 /* SearchViewController.swift */; };
		5DC64845227CA6310080B1F4 /* SearchCell.swift in Sources */ = {isa = PBXBuildFile; fileRef = 5DC64844227CA6310080B1F4 /* SearchCell.swift */; };
		5DC64847227CBD1C0080B1F4 /* String.swift in Sources */ = {isa = PBXBuildFile; fileRef = 5DC64846227CBD1C0080B1F4 /* String.swift */; };
		5DC6484C227CEAF60080B1F4 /* CharacterDetailViewController.swift in Sources */ = {isa = PBXBuildFile; fileRef = 5DC6484B227CEAF60080B1F4 /* CharacterDetailViewController.swift */; };
		5DC6484E227CEB060080B1F4 /* CharacterDetailViewModel.swift in Sources */ = {isa = PBXBuildFile; fileRef = 5DC6484D227CEB060080B1F4 /* CharacterDetailViewModel.swift */; };
		5DC64850227D019E0080B1F4 /* CollectionViewDataSource.swift in Sources */ = {isa = PBXBuildFile; fileRef = 5DC6484F227D019E0080B1F4 /* CollectionViewDataSource.swift */; };
		5DC64852227D03750080B1F4 /* UICollectionView.swift in Sources */ = {isa = PBXBuildFile; fileRef = 5DC64851227D03750080B1F4 /* UICollectionView.swift */; };
		5DC64856227D07100080B1F4 /* MediaTableCell.swift in Sources */ = {isa = PBXBuildFile; fileRef = 5DC64855227D07100080B1F4 /* MediaTableCell.swift */; };
		5DC64858227D08860080B1F4 /* MediaCollectionCell.swift in Sources */ = {isa = PBXBuildFile; fileRef = 5DC64857227D08860080B1F4 /* MediaCollectionCell.swift */; };
		5DCC0D39227B42790065DA28 /* AppDelegate.swift in Sources */ = {isa = PBXBuildFile; fileRef = 5DCC0D38227B42790065DA28 /* AppDelegate.swift */; };
		5DCC0D3E227B42790065DA28 /* Main.storyboard in Resources */ = {isa = PBXBuildFile; fileRef = 5DCC0D3C227B42790065DA28 /* Main.storyboard */; };
		5DCC0D40227B427A0065DA28 /* Images.xcassets in Resources */ = {isa = PBXBuildFile; fileRef = 5DCC0D3F227B427A0065DA28 /* Images.xcassets */; };
		5DCC0D43227B427A0065DA28 /* LaunchScreen.storyboard in Resources */ = {isa = PBXBuildFile; fileRef = 5DCC0D41227B427A0065DA28 /* LaunchScreen.storyboard */; };
		5DD2C1072789FADC00ADDB12 /* AssociatedObject.swift in Sources */ = {isa = PBXBuildFile; fileRef = 5DD2C1062789FADC00ADDB12 /* AssociatedObject.swift */; };
		5DD2C1092789FC0E00ADDB12 /* AssociatedObjectTests.swift in Sources */ = {isa = PBXBuildFile; fileRef = 5DD2C1082789FC0E00ADDB12 /* AssociatedObjectTests.swift */; };
		5DD2C10B278A03BF00ADDB12 /* StateTests.swift in Sources */ = {isa = PBXBuildFile; fileRef = 5DD2C10A278A03BF00ADDB12 /* StateTests.swift */; };
		5DD9DED726B313EA00A699C9 /* AppCore.swift in Sources */ = {isa = PBXBuildFile; fileRef = 5DD9DED626B313EA00A699C9 /* AppCore.swift */; };
		5DD9DED926B31CCC00A699C9 /* ViewFactory.swift in Sources */ = {isa = PBXBuildFile; fileRef = 5DD9DED826B31CCC00A699C9 /* ViewFactory.swift */; };
		5DD9DEDC26B31F0D00A699C9 /* CharactersListRouter.swift in Sources */ = {isa = PBXBuildFile; fileRef = 5DD9DEDB26B31F0D00A699C9 /* CharactersListRouter.swift */; };
		5DD9DEDE26B32A9D00A699C9 /* UIViewController.swift in Sources */ = {isa = PBXBuildFile; fileRef = 5DD9DEDD26B32A9D00A699C9 /* UIViewController.swift */; };
		5DF872AD227D84A500DB0CCD /* CharacterDetailHeaderView.swift in Sources */ = {isa = PBXBuildFile; fileRef = 5DF872AC227D84A500DB0CCD /* CharacterDetailHeaderView.swift */; };
		5DF872B4227D9C1D00DB0CCD /* CharacterDetailsItem.swift in Sources */ = {isa = PBXBuildFile; fileRef = 5DF872B3227D9C1D00DB0CCD /* CharacterDetailsItem.swift */; };
		AC5F7C7771BEF91B2DDA4F20 /* Pods_Marvel.framework in Frameworks */ = {isa = PBXBuildFile; fileRef = F47C1266B47794F849D7E18A /* Pods_Marvel.framework */; };
/* End PBXBuildFile section */

/* Begin PBXContainerItemProxy section */
		5D606E22264D71AA00E8D23D /* PBXContainerItemProxy */ = {
			isa = PBXContainerItemProxy;
			containerPortal = 5DCC0D2D227B42790065DA28 /* Project object */;
			proxyType = 1;
			remoteGlobalIDString = 5DCC0D34227B42790065DA28;
			remoteInfo = Marvel;
		};
/* End PBXContainerItemProxy section */

/* Begin PBXFileReference section */
		1674A4F5F15A4C709850F1D4 /* Pods-Marvel.release.xcconfig */ = {isa = PBXFileReference; includeInIndex = 1; lastKnownFileType = text.xcconfig; name = "Pods-Marvel.release.xcconfig"; path = "Target Support Files/Pods-Marvel/Pods-Marvel.release.xcconfig"; sourceTree = "<group>"; };
		2BA5B60585AB88BEDC2F1562 /* Pods_MarvelTests.framework */ = {isa = PBXFileReference; explicitFileType = wrapper.framework; includeInIndex = 0; path = Pods_MarvelTests.framework; sourceTree = BUILT_PRODUCTS_DIR; };
		2BE575BA2A7645E89B5FAF44 /* Pods-MarvelTests.release.xcconfig */ = {isa = PBXFileReference; includeInIndex = 1; lastKnownFileType = text.xcconfig; name = "Pods-MarvelTests.release.xcconfig"; path = "Target Support Files/Pods-MarvelTests/Pods-MarvelTests.release.xcconfig"; sourceTree = "<group>"; };
		36989F6F162581110AF7F481 /* Pods-MarvelTests.debug.xcconfig */ = {isa = PBXFileReference; includeInIndex = 1; lastKnownFileType = text.xcconfig; name = "Pods-MarvelTests.debug.xcconfig"; path = "Target Support Files/Pods-MarvelTests/Pods-MarvelTests.debug.xcconfig"; sourceTree = "<group>"; };
		5D0A83CA2651ABCE0075A622 /* CharacterItemTests.swift */ = {isa = PBXFileReference; lastKnownFileType = sourcecode.swift; path = CharacterItemTests.swift; sourceTree = "<group>"; };
		5D0A83CD2651B2530075A622 /* CharacterDetailViewModelTests.swift */ = {isa = PBXFileReference; lastKnownFileType = sourcecode.swift; path = CharacterDetailViewModelTests.swift; sourceTree = "<group>"; };
		5D0A83CF2651BC6F0075A622 /* CharacterDetailsItemTests.swift */ = {isa = PBXFileReference; lastKnownFileType = sourcecode.swift; path = CharacterDetailsItemTests.swift; sourceTree = "<group>"; };
		5D217FDA227B467B00006DBE /* Assets.swift */ = {isa = PBXFileReference; fileEncoding = 4; lastKnownFileType = sourcecode.swift; path = Assets.swift; sourceTree = "<group>"; };
		5D217FE1227B4AC000006DBE /* UIImageView.swift */ = {isa = PBXFileReference; lastKnownFileType = sourcecode.swift; path = UIImageView.swift; sourceTree = "<group>"; };
		5D217FE3227B4C8A00006DBE /* UIColor.swift */ = {isa = PBXFileReference; lastKnownFileType = sourcecode.swift; path = UIColor.swift; sourceTree = "<group>"; };
		5D217FEA227B4D3600006DBE /* KeyedDecodingContainer.swift */ = {isa = PBXFileReference; lastKnownFileType = sourcecode.swift; path = KeyedDecodingContainer.swift; sourceTree = "<group>"; };
		5D217FED227B4DA900006DBE /* PluggableApplicationDelegate.swift */ = {isa = PBXFileReference; lastKnownFileType = sourcecode.swift; path = PluggableApplicationDelegate.swift; sourceTree = "<group>"; };
		5D217FF1227B4DF000006DBE /* ThemePlugin.swift */ = {isa = PBXFileReference; lastKnownFileType = sourcecode.swift; path = ThemePlugin.swift; sourceTree = "<group>"; };
		5D217FFD227B53C600006DBE /* MarvelError.swift */ = {isa = PBXFileReference; lastKnownFileType = sourcecode.swift; path = MarvelError.swift; sourceTree = "<group>"; };
		5D217FFF227B545300006DBE /* MarvelResponse.swift */ = {isa = PBXFileReference; lastKnownFileType = sourcecode.swift; path = MarvelResponse.swift; sourceTree = "<group>"; };
		5D218004227B58CE00006DBE /* CharacterUseCase.swift */ = {isa = PBXFileReference; lastKnownFileType = sourcecode.swift; path = CharacterUseCase.swift; sourceTree = "<group>"; };
		5D21800D227B5AEF00006DBE /* Media.swift */ = {isa = PBXFileReference; lastKnownFileType = sourcecode.swift; path = Media.swift; sourceTree = "<group>"; };
		5D218013227B702F00006DBE /* MarvelCharacter.swift */ = {isa = PBXFileReference; lastKnownFileType = sourcecode.swift; path = MarvelCharacter.swift; sourceTree = "<group>"; };
		5D218017227B996D00006DBE /* MarvelParameter.swift */ = {isa = PBXFileReference; lastKnownFileType = sourcecode.swift; path = MarvelParameter.swift; sourceTree = "<group>"; };
		5D218019227B9D4700006DBE /* Image.swift */ = {isa = PBXFileReference; lastKnownFileType = sourcecode.swift; path = Image.swift; sourceTree = "<group>"; };
		5D21801C227C2B7000006DBE /* CharactersViewController.swift */ = {isa = PBXFileReference; lastKnownFileType = sourcecode.swift; path = CharactersViewController.swift; sourceTree = "<group>"; };
		5D21801E227C318F00006DBE /* CharactersCell.swift */ = {isa = PBXFileReference; lastKnownFileType = sourcecode.swift; path = CharactersCell.swift; sourceTree = "<group>"; };
		5D218021227C3CEE00006DBE /* ParallelogramView.swift */ = {isa = PBXFileReference; lastKnownFileType = sourcecode.swift; path = ParallelogramView.swift; sourceTree = "<group>"; };
		5D218025227C3F3900006DBE /* LoadingStateView.xib */ = {isa = PBXFileReference; fileEncoding = 4; lastKnownFileType = file.xib; path = LoadingStateView.xib; sourceTree = "<group>"; };
		5D218026227C3F3900006DBE /* EmptyStateView.xib */ = {isa = PBXFileReference; fileEncoding = 4; lastKnownFileType = file.xib; path = EmptyStateView.xib; sourceTree = "<group>"; };
		5D218027227C3F3900006DBE /* ErrorStateView.swift */ = {isa = PBXFileReference; fileEncoding = 4; lastKnownFileType = sourcecode.swift; path = ErrorStateView.swift; sourceTree = "<group>"; };
		5D218028227C3F3900006DBE /* ErrorStateView.xib */ = {isa = PBXFileReference; fileEncoding = 4; lastKnownFileType = file.xib; path = ErrorStateView.xib; sourceTree = "<group>"; };
		5D335AE92650504E00327BF7 /* Fastfile */ = {isa = PBXFileReference; lastKnownFileType = text; path = Fastfile; sourceTree = "<group>"; };
		5D335AEA2650506700327BF7 /* Gemfile.lock */ = {isa = PBXFileReference; lastKnownFileType = text; path = Gemfile.lock; sourceTree = SOURCE_ROOT; };
		5D335AEB2650506700327BF7 /* Podfile */ = {isa = PBXFileReference; explicitFileType = text.script.ruby; path = Podfile; sourceTree = SOURCE_ROOT; xcLanguageSpecificationIdentifier = xcode.lang.ruby; };
		5D335AEC2650506700327BF7 /* Podfile.lock */ = {isa = PBXFileReference; lastKnownFileType = text; path = Podfile.lock; sourceTree = SOURCE_ROOT; };
		5D335AED2650506700327BF7 /* Gemfile */ = {isa = PBXFileReference; lastKnownFileType = text; path = Gemfile; sourceTree = SOURCE_ROOT; };
		5D433CFC227DEBBE00C116FA /* WindowPlugin.swift */ = {isa = PBXFileReference; lastKnownFileType = sourcecode.swift; path = WindowPlugin.swift; sourceTree = "<group>"; };
		5D45D059264CBB8700345602 /* .swiftformat */ = {isa = PBXFileReference; lastKnownFileType = text; path = .swiftformat; sourceTree = "<group>"; };
		5D45D05A264CBBA600345602 /* format.sh */ = {isa = PBXFileReference; lastKnownFileType = text.script.sh; path = format.sh; sourceTree = "<group>"; };
		5D45D05B264CBD0A00345602 /* .swiftlint.yml */ = {isa = PBXFileReference; lastKnownFileType = text.yaml; path = .swiftlint.yml; sourceTree = "<group>"; };
		5D45D05C264CBD6C00345602 /* lint.sh */ = {isa = PBXFileReference; lastKnownFileType = text.script.sh; path = lint.sh; sourceTree = "<group>"; };
		5D45D05D264CBD9900345602 /* generate.sh */ = {isa = PBXFileReference; lastKnownFileType = text.script.sh; path = generate.sh; sourceTree = "<group>"; };
		5D45D05E264CBDE700345602 /* swiftgen.yml */ = {isa = PBXFileReference; lastKnownFileType = text.yaml; path = swiftgen.yml; sourceTree = "<group>"; };
		5D45D05F264CBE5400345602 /* install.sh */ = {isa = PBXFileReference; lastKnownFileType = text.script.sh; path = install.sh; sourceTree = "<group>"; };
		5D45D060264CBE6A00345602 /* pre-commit.sh */ = {isa = PBXFileReference; lastKnownFileType = text.script.sh; path = "pre-commit.sh"; sourceTree = "<group>"; };
		5D45D065264CBF5E00345602 /* en */ = {isa = PBXFileReference; lastKnownFileType = text.plist.strings; name = en; path = en.lproj/Localizable.strings; sourceTree = "<group>"; };
		5D45D067264CBF8100345602 /* ar */ = {isa = PBXFileReference; lastKnownFileType = text.plist.strings; name = ar; path = ar.lproj/Localizable.strings; sourceTree = "<group>"; };
		5D45D06A264CBFF900345602 /* Colors.xcassets */ = {isa = PBXFileReference; lastKnownFileType = folder.assetcatalog; path = Colors.xcassets; sourceTree = "<group>"; };
		5D47378325251E6A00360C4A /* RealmObject.swift */ = {isa = PBXFileReference; lastKnownFileType = sourcecode.swift; path = RealmObject.swift; sourceTree = "<group>"; };
		5D47378525251EE700360C4A /* Entity.swift */ = {isa = PBXFileReference; lastKnownFileType = sourcecode.swift; path = Entity.swift; sourceTree = "<group>"; };
		5D4739CD227DB6D4000941C6 /* MediaUseCase.swift */ = {isa = PBXFileReference; lastKnownFileType = sourcecode.swift; path = MediaUseCase.swift; sourceTree = "<group>"; };
		5D4CC877276F814100162F6C /* Theme.swift */ = {isa = PBXFileReference; lastKnownFileType = sourcecode.swift; path = Theme.swift; sourceTree = "<group>"; };
		5D4CC879276F9CFF00162F6C /* PassthroughSubject.swift */ = {isa = PBXFileReference; lastKnownFileType = sourcecode.swift; path = PassthroughSubject.swift; sourceTree = "<group>"; };
		5D4CC87B276FADD000162F6C /* Collection.swift */ = {isa = PBXFileReference; lastKnownFileType = sourcecode.swift; path = Collection.swift; sourceTree = "<group>"; };
		5D4CC87D276FE0D800162F6C /* ViewModel.swift */ = {isa = PBXFileReference; lastKnownFileType = sourcecode.swift; path = ViewModel.swift; sourceTree = "<group>"; };
		5D50C87B22821F37008A4BFA /* MediaType.swift */ = {isa = PBXFileReference; lastKnownFileType = sourcecode.swift; path = MediaType.swift; sourceTree = "<group>"; };
		5D5C126D2280831600B9B4EF /* Optional.swift */ = {isa = PBXFileReference; lastKnownFileType = sourcecode.swift; path = Optional.swift; sourceTree = "<group>"; };
		5D606E0B264CC60600E8D23D /* Details.png */ = {isa = PBXFileReference; lastKnownFileType = image.png; path = Details.png; sourceTree = "<group>"; };
		5D606E0C264CC60600E8D23D /* Launch.png */ = {isa = PBXFileReference; lastKnownFileType = image.png; path = Launch.png; sourceTree = "<group>"; };
		5D606E0D264CC60600E8D23D /* Characters.png */ = {isa = PBXFileReference; lastKnownFileType = image.png; path = Characters.png; sourceTree = "<group>"; };
		5D606E0E264CC60600E8D23D /* Search.png */ = {isa = PBXFileReference; lastKnownFileType = image.png; path = Search.png; sourceTree = "<group>"; };
		5D606E10264CC8AD00E8D23D /* .gitignore */ = {isa = PBXFileReference; lastKnownFileType = text; path = .gitignore; sourceTree = SOURCE_ROOT; };
		5D606E11264CC98600E8D23D /* Strings.swift */ = {isa = PBXFileReference; fileEncoding = 4; lastKnownFileType = sourcecode.swift; path = Strings.swift; sourceTree = "<group>"; };
		5D606E13264D60C400E8D23D /* Resources+Types.swift */ = {isa = PBXFileReference; lastKnownFileType = sourcecode.swift; path = "Resources+Types.swift"; sourceTree = "<group>"; };
		5D606E15264D64B900E8D23D /* EmptyStateView.swift */ = {isa = PBXFileReference; lastKnownFileType = sourcecode.swift; path = EmptyStateView.swift; sourceTree = "<group>"; };
		5D606E17264D64C500E8D23D /* LoadingStateView.swift */ = {isa = PBXFileReference; lastKnownFileType = sourcecode.swift; path = LoadingStateView.swift; sourceTree = "<group>"; };
		5D606E1D264D71AA00E8D23D /* MarvelTests.xctest */ = {isa = PBXFileReference; explicitFileType = wrapper.cfbundle; includeInIndex = 0; path = MarvelTests.xctest; sourceTree = BUILT_PRODUCTS_DIR; };
		5D606E21264D71AA00E8D23D /* Info.plist */ = {isa = PBXFileReference; lastKnownFileType = text.plist.xml; path = Info.plist; sourceTree = "<group>"; };
		5D606E28264D752200E8D23D /* APIClientSpy.swift */ = {isa = PBXFileReference; lastKnownFileType = sourcecode.swift; path = APIClientSpy.swift; sourceTree = "<group>"; };
		5D606E2B264D757400E8D23D /* EntityTestDouble.swift */ = {isa = PBXFileReference; lastKnownFileType = sourcecode.swift; path = EntityTestDouble.swift; sourceTree = "<group>"; };
		5D606E2D264D773900E8D23D /* CharacterGatewayTests.swift */ = {isa = PBXFileReference; lastKnownFileType = sourcecode.swift; path = CharacterGatewayTests.swift; sourceTree = "<group>"; };
		5D606E2F264D79D300E8D23D /* MarvelCharacter.swift */ = {isa = PBXFileReference; lastKnownFileType = sourcecode.swift; path = MarvelCharacter.swift; sourceTree = "<group>"; };
		5D606E31264D7B2700E8D23D /* PaginatorTests.swift */ = {isa = PBXFileReference; lastKnownFileType = sourcecode.swift; path = PaginatorTests.swift; sourceTree = "<group>"; };
		5D606E33264DB0B400E8D23D /* MediaGatewayTests.swift */ = {isa = PBXFileReference; lastKnownFileType = sourcecode.swift; path = MediaGatewayTests.swift; sourceTree = "<group>"; };
		5D606E35264DB16300E8D23D /* Media.swift */ = {isa = PBXFileReference; lastKnownFileType = sourcecode.swift; path = Media.swift; sourceTree = "<group>"; };
		5D606E3A264DBA3300E8D23D /* MarvelPaginator.swift */ = {isa = PBXFileReference; lastKnownFileType = sourcecode.swift; path = MarvelPaginator.swift; sourceTree = "<group>"; };
		5D606E3C264DBC1900E8D23D /* Identifiable.swift */ = {isa = PBXFileReference; lastKnownFileType = sourcecode.swift; path = Identifiable.swift; sourceTree = "<group>"; };
		5D606E3E264DBC3200E8D23D /* Parameter.swift */ = {isa = PBXFileReference; lastKnownFileType = sourcecode.swift; path = Parameter.swift; sourceTree = "<group>"; };
		5D606E40264DBDAA00E8D23D /* IdentityTests.swift */ = {isa = PBXFileReference; lastKnownFileType = sourcecode.swift; path = IdentityTests.swift; sourceTree = "<group>"; };
		5D606E43264E84CA00E8D23D /* RealmRepositorySpy.swift */ = {isa = PBXFileReference; lastKnownFileType = sourcecode.swift; path = RealmRepositorySpy.swift; sourceTree = "<group>"; };
		5D606E45264E857E00E8D23D /* AnyRepositoryTests.swift */ = {isa = PBXFileReference; lastKnownFileType = sourcecode.swift; path = AnyRepositoryTests.swift; sourceTree = "<group>"; };
		5D606E47264E89AD00E8D23D /* RealmRepositoryTests.swift */ = {isa = PBXFileReference; lastKnownFileType = sourcecode.swift; path = RealmRepositoryTests.swift; sourceTree = "<group>"; };
		5D606E4F264EC55600E8D23D /* CharacterGatewayStub.swift */ = {isa = PBXFileReference; lastKnownFileType = sourcecode.swift; path = CharacterGatewayStub.swift; sourceTree = "<group>"; };
		5D606E51264EC56300E8D23D /* MediaGatewayStub.swift */ = {isa = PBXFileReference; lastKnownFileType = sourcecode.swift; path = MediaGatewayStub.swift; sourceTree = "<group>"; };
		5D606E54264EC5DE00E8D23D /* CharacterGateway.swift */ = {isa = PBXFileReference; lastKnownFileType = sourcecode.swift; path = CharacterGateway.swift; sourceTree = "<group>"; };
		5D606E56264EC5E700E8D23D /* MediaGateway.swift */ = {isa = PBXFileReference; lastKnownFileType = sourcecode.swift; path = MediaGateway.swift; sourceTree = "<group>"; };
		5D606E5B264EC7F000E8D23D /* CharacterUseCaseStub.swift */ = {isa = PBXFileReference; lastKnownFileType = sourcecode.swift; path = CharacterUseCaseStub.swift; sourceTree = "<group>"; };
		5D606E5D264EC7F900E8D23D /* MediaUseCaseStub.swift */ = {isa = PBXFileReference; lastKnownFileType = sourcecode.swift; path = MediaUseCaseStub.swift; sourceTree = "<group>"; };
		5D606E64264EC9B800E8D23D /* CharacterUseCaseTests.swift */ = {isa = PBXFileReference; lastKnownFileType = sourcecode.swift; path = CharacterUseCaseTests.swift; sourceTree = "<group>"; };
		5D606E66264EC9C400E8D23D /* MediaUseCaseTests.swift */ = {isa = PBXFileReference; lastKnownFileType = sourcecode.swift; path = MediaUseCaseTests.swift; sourceTree = "<group>"; };
		5D606E68264ECC4900E8D23D /* RepositoryStub.swift */ = {isa = PBXFileReference; lastKnownFileType = sourcecode.swift; path = RepositoryStub.swift; sourceTree = "<group>"; };
		5D606E6D264F11E800E8D23D /* CharactersViewModelTests.swift */ = {isa = PBXFileReference; lastKnownFileType = sourcecode.swift; path = CharactersViewModelTests.swift; sourceTree = "<group>"; };
		5D606E6F264F234100E8D23D /* CharactersListRouterSpy.swift */ = {isa = PBXFileReference; lastKnownFileType = sourcecode.swift; path = CharactersListRouterSpy.swift; sourceTree = "<group>"; };
		5D9228EF2280F1200048C614 /* APIClient.swift */ = {isa = PBXFileReference; fileEncoding = 4; lastKnownFileType = sourcecode.swift; path = APIClient.swift; sourceTree = "<group>"; };
		5D9228F02280F1200048C614 /* APICharacterGateway.swift */ = {isa = PBXFileReference; fileEncoding = 4; lastKnownFileType = sourcecode.swift; path = APICharacterGateway.swift; sourceTree = "<group>"; };
		5D9228F12280F1200048C614 /* APIMarvelMediaGateway.swift */ = {isa = PBXFileReference; fileEncoding = 4; lastKnownFileType = sourcecode.swift; path = APIMarvelMediaGateway.swift; sourceTree = "<group>"; };
		5D9229042281912B0048C614 /* AbstractRepository.swift */ = {isa = PBXFileReference; lastKnownFileType = sourcecode.swift; path = AbstractRepository.swift; sourceTree = "<group>"; };
		5D922906228191360048C614 /* RealmRepository.swift */ = {isa = PBXFileReference; lastKnownFileType = sourcecode.swift; path = RealmRepository.swift; sourceTree = "<group>"; };
		5D9B671B2525234B0070C08D /* Codable.swift */ = {isa = PBXFileReference; lastKnownFileType = sourcecode.swift; path = Codable.swift; sourceTree = "<group>"; };
		5D9B671E25252D8A0070C08D /* Config.swift */ = {isa = PBXFileReference; lastKnownFileType = sourcecode.swift; path = Config.swift; sourceTree = "<group>"; };
		5D9B672025252D960070C08D /* Environment.swift */ = {isa = PBXFileReference; lastKnownFileType = sourcecode.swift; path = Environment.swift; sourceTree = "<group>"; };
		5D9B672225252DA70070C08D /* Debug.xcconfig */ = {isa = PBXFileReference; lastKnownFileType = text.xcconfig; path = Debug.xcconfig; sourceTree = "<group>"; };
		5D9B672325252DB20070C08D /* Release.xcconfig */ = {isa = PBXFileReference; lastKnownFileType = text.xcconfig; path = Release.xcconfig; sourceTree = "<group>"; };
		5D9B6724252530B60070C08D /* Default.xcconfig */ = {isa = PBXFileReference; lastKnownFileType = text.xcconfig; path = Default.xcconfig; sourceTree = "<group>"; };
		5D9B672825253C0E0070C08D /* README.md */ = {isa = PBXFileReference; lastKnownFileType = net.daringfireball.markdown; path = README.md; sourceTree = SOURCE_ROOT; };
		5DA0D0D3265FA202002885E3 /* AnyPublisher.swift */ = {isa = PBXFileReference; lastKnownFileType = sourcecode.swift; path = AnyPublisher.swift; sourceTree = "<group>"; };
		5DA0D0D8265FA3B8002885E3 /* XCTestCase+Publisher.swift */ = {isa = PBXFileReference; lastKnownFileType = sourcecode.swift; path = "XCTestCase+Publisher.swift"; sourceTree = "<group>"; };
		5DA0D0DA265FA542002885E3 /* Result.swift */ = {isa = PBXFileReference; lastKnownFileType = sourcecode.swift; path = Result.swift; sourceTree = "<group>"; };
		5DA3D82F2785C47F0067801A /* AnyScheduler.swift */ = {isa = PBXFileReference; lastKnownFileType = sourcecode.swift; path = AnyScheduler.swift; sourceTree = "<group>"; };
		5DBB7168265EEA0700947A5C /* Publisher.swift */ = {isa = PBXFileReference; lastKnownFileType = sourcecode.swift; path = Publisher.swift; sourceTree = "<group>"; };
		5DC64829227C419E0080B1F4 /* State.swift */ = {isa = PBXFileReference; lastKnownFileType = sourcecode.swift; path = State.swift; sourceTree = "<group>"; };
		5DC6482B227C41CF0080B1F4 /* ListView+State.swift */ = {isa = PBXFileReference; lastKnownFileType = sourcecode.swift; path = "ListView+State.swift"; sourceTree = "<group>"; };
		5DC6482D227C42150080B1F4 /* UIView.swift */ = {isa = PBXFileReference; lastKnownFileType = sourcecode.swift; path = UIView.swift; sourceTree = "<group>"; };
		5DC64834227C813D0080B1F4 /* CellConfigurable.swift */ = {isa = PBXFileReference; lastKnownFileType = sourcecode.swift; path = CellConfigurable.swift; sourceTree = "<group>"; };
		5DC64837227C81610080B1F4 /* TableViewDataSource.swift */ = {isa = PBXFileReference; lastKnownFileType = sourcecode.swift; path = TableViewDataSource.swift; sourceTree = "<group>"; };
		5DC64839227C838D0080B1F4 /* UITableView.swift */ = {isa = PBXFileReference; fileEncoding = 4; lastKnownFileType = sourcecode.swift; path = UITableView.swift; sourceTree = "<group>"; };
		5DC6483B227C88850080B1F4 /* CharactersViewModel.swift */ = {isa = PBXFileReference; lastKnownFileType = sourcecode.swift; path = CharactersViewModel.swift; sourceTree = "<group>"; };
		5DC6483F227C99A90080B1F4 /* CharacterItem.swift */ = {isa = PBXFileReference; lastKnownFileType = sourcecode.swift; path = CharacterItem.swift; sourceTree = "<group>"; };
		5DC64842227CA3ED0080B1F4 /* SearchViewController.swift */ = {isa = PBXFileReference; lastKnownFileType = sourcecode.swift; path = SearchViewController.swift; sourceTree = "<group>"; };
		5DC64844227CA6310080B1F4 /* SearchCell.swift */ = {isa = PBXFileReference; lastKnownFileType = sourcecode.swift; path = SearchCell.swift; sourceTree = "<group>"; };
		5DC64846227CBD1C0080B1F4 /* String.swift */ = {isa = PBXFileReference; lastKnownFileType = sourcecode.swift; path = String.swift; sourceTree = "<group>"; };
		5DC6484B227CEAF60080B1F4 /* CharacterDetailViewController.swift */ = {isa = PBXFileReference; lastKnownFileType = sourcecode.swift; path = CharacterDetailViewController.swift; sourceTree = "<group>"; };
		5DC6484D227CEB060080B1F4 /* CharacterDetailViewModel.swift */ = {isa = PBXFileReference; lastKnownFileType = sourcecode.swift; path = CharacterDetailViewModel.swift; sourceTree = "<group>"; };
		5DC6484F227D019E0080B1F4 /* CollectionViewDataSource.swift */ = {isa = PBXFileReference; lastKnownFileType = sourcecode.swift; path = CollectionViewDataSource.swift; sourceTree = "<group>"; };
		5DC64851227D03750080B1F4 /* UICollectionView.swift */ = {isa = PBXFileReference; lastKnownFileType = sourcecode.swift; path = UICollectionView.swift; sourceTree = "<group>"; };
		5DC64855227D07100080B1F4 /* MediaTableCell.swift */ = {isa = PBXFileReference; lastKnownFileType = sourcecode.swift; path = MediaTableCell.swift; sourceTree = "<group>"; };
		5DC64857227D08860080B1F4 /* MediaCollectionCell.swift */ = {isa = PBXFileReference; lastKnownFileType = sourcecode.swift; path = MediaCollectionCell.swift; sourceTree = "<group>"; };
		5DCC0D35227B42790065DA28 /* Marvel.app */ = {isa = PBXFileReference; explicitFileType = wrapper.application; includeInIndex = 0; path = Marvel.app; sourceTree = BUILT_PRODUCTS_DIR; };
		5DCC0D38227B42790065DA28 /* AppDelegate.swift */ = {isa = PBXFileReference; lastKnownFileType = sourcecode.swift; path = AppDelegate.swift; sourceTree = "<group>"; };
		5DCC0D3D227B42790065DA28 /* Base */ = {isa = PBXFileReference; lastKnownFileType = file.storyboard; name = Base; path = Base.lproj/Main.storyboard; sourceTree = "<group>"; };
		5DCC0D3F227B427A0065DA28 /* Images.xcassets */ = {isa = PBXFileReference; lastKnownFileType = folder.assetcatalog; path = Images.xcassets; sourceTree = "<group>"; };
		5DCC0D42227B427A0065DA28 /* Base */ = {isa = PBXFileReference; lastKnownFileType = file.storyboard; name = Base; path = Base.lproj/LaunchScreen.storyboard; sourceTree = "<group>"; };
		5DCC0D44227B427A0065DA28 /* Info.plist */ = {isa = PBXFileReference; lastKnownFileType = text.plist.xml; path = Info.plist; sourceTree = "<group>"; };
		5DD2C1062789FADC00ADDB12 /* AssociatedObject.swift */ = {isa = PBXFileReference; lastKnownFileType = sourcecode.swift; path = AssociatedObject.swift; sourceTree = "<group>"; };
		5DD2C1082789FC0E00ADDB12 /* AssociatedObjectTests.swift */ = {isa = PBXFileReference; lastKnownFileType = sourcecode.swift; path = AssociatedObjectTests.swift; sourceTree = "<group>"; };
		5DD2C10A278A03BF00ADDB12 /* StateTests.swift */ = {isa = PBXFileReference; lastKnownFileType = sourcecode.swift; path = StateTests.swift; sourceTree = "<group>"; };
		5DD9DED626B313EA00A699C9 /* AppCore.swift */ = {isa = PBXFileReference; lastKnownFileType = sourcecode.swift; path = AppCore.swift; sourceTree = "<group>"; };
		5DD9DED826B31CCC00A699C9 /* ViewFactory.swift */ = {isa = PBXFileReference; lastKnownFileType = sourcecode.swift; path = ViewFactory.swift; sourceTree = "<group>"; };
		5DD9DEDB26B31F0D00A699C9 /* CharactersListRouter.swift */ = {isa = PBXFileReference; lastKnownFileType = sourcecode.swift; path = CharactersListRouter.swift; sourceTree = "<group>"; };
		5DD9DEDD26B32A9D00A699C9 /* UIViewController.swift */ = {isa = PBXFileReference; lastKnownFileType = sourcecode.swift; path = UIViewController.swift; sourceTree = "<group>"; };
		5DF872AC227D84A500DB0CCD /* CharacterDetailHeaderView.swift */ = {isa = PBXFileReference; lastKnownFileType = sourcecode.swift; path = CharacterDetailHeaderView.swift; sourceTree = "<group>"; };
		5DF872B3227D9C1D00DB0CCD /* CharacterDetailsItem.swift */ = {isa = PBXFileReference; lastKnownFileType = sourcecode.swift; path = CharacterDetailsItem.swift; sourceTree = "<group>"; };
		9C63D743A46BA13CC52CFADB /* Pods-Marvel.debug.xcconfig */ = {isa = PBXFileReference; includeInIndex = 1; lastKnownFileType = text.xcconfig; name = "Pods-Marvel.debug.xcconfig"; path = "Target Support Files/Pods-Marvel/Pods-Marvel.debug.xcconfig"; sourceTree = "<group>"; };
		F47C1266B47794F849D7E18A /* Pods_Marvel.framework */ = {isa = PBXFileReference; explicitFileType = wrapper.framework; includeInIndex = 0; path = Pods_Marvel.framework; sourceTree = BUILT_PRODUCTS_DIR; };
/* End PBXFileReference section */

/* Begin PBXFrameworksBuildPhase section */
		5D606E1A264D71AA00E8D23D /* Frameworks */ = {
			isa = PBXFrameworksBuildPhase;
			buildActionMask = 2147483647;
			files = (
				2D5FB3D3B8C50E8B4DAAD6B0 /* Pods_MarvelTests.framework in Frameworks */,
			);
			runOnlyForDeploymentPostprocessing = 0;
		};
		5DCC0D32227B42790065DA28 /* Frameworks */ = {
			isa = PBXFrameworksBuildPhase;
			buildActionMask = 2147483647;
			files = (
				5D16156C264167FF004D00C4 /* Kingfisher in Frameworks */,
				5D16156F26416829004D00C4 /* CryptoSwift in Frameworks */,
				5DA3D8332785C4B90067801A /* CombineSchedulers in Frameworks */,
				5D161569264167E1004D00C4 /* CoreNetwork in Frameworks */,
				5D6DFC2E27862B5C002078E4 /* XcodeConfig in Frameworks */,
				5D16157226416895004D00C4 /* RealmSwift in Frameworks */,
				5DA3D8362785D3780067801A /* CombineCocoa in Frameworks */,
				AC5F7C7771BEF91B2DDA4F20 /* Pods_Marvel.framework in Frameworks */,
			);
			runOnlyForDeploymentPostprocessing = 0;
		};
/* End PBXFrameworksBuildPhase section */

/* Begin PBXGroup section */
		243E33EBF7D69B382D1FB406 /* Pods */ = {
			isa = PBXGroup;
			children = (
				9C63D743A46BA13CC52CFADB /* Pods-Marvel.debug.xcconfig */,
				1674A4F5F15A4C709850F1D4 /* Pods-Marvel.release.xcconfig */,
				36989F6F162581110AF7F481 /* Pods-MarvelTests.debug.xcconfig */,
				2BE575BA2A7645E89B5FAF44 /* Pods-MarvelTests.release.xcconfig */,
			);
			path = Pods;
			sourceTree = "<group>";
		};
		5D0A83CC2651B2450075A622 /* Details */ = {
			isa = PBXGroup;
			children = (
				5D0A83CD2651B2530075A622 /* CharacterDetailViewModelTests.swift */,
				5D0A83CF2651BC6F0075A622 /* CharacterDetailsItemTests.swift */,
			);
			path = Details;
			sourceTree = "<group>";
		};
		5D217FD4227B444300006DBE /* Application */ = {
			isa = PBXGroup;
			children = (
				5D217FF0227B4DD000006DBE /* Plugins */,
				5DCC0D38227B42790065DA28 /* AppDelegate.swift */,
				5DD9DED626B313EA00A699C9 /* AppCore.swift */,
				5DD9DED826B31CCC00A699C9 /* ViewFactory.swift */,
			);
			path = Application;
			sourceTree = "<group>";
		};
		5D217FD5227B445400006DBE /* Scenes */ = {
			isa = PBXGroup;
			children = (
				5D217FDC227B469D00006DBE /* LaunchScreen */,
				5D21801B227C2B4E00006DBE /* Characters */,
			);
			path = Scenes;
			sourceTree = "<group>";
		};
		5D217FD6227B44C400006DBE /* Supporting Files */ = {
			isa = PBXGroup;
			children = (
				5DCC0D44227B427A0065DA28 /* Info.plist */,
			);
			path = "Supporting Files";
			sourceTree = "<group>";
		};
		5D217FD7227B44D500006DBE /* Resources */ = {
			isa = PBXGroup;
			children = (
				5D45D068264CBFD700345602 /* Images */,
				5D45D069264CBFE800345602 /* Colors */,
				5D45D06C264CC00A00345602 /* Strings */,
				5D45D06D264CC01800345602 /* Generated */,
				5D606E13264D60C400E8D23D /* Resources+Types.swift */,
			);
			path = Resources;
			sourceTree = "<group>";
		};
		5D217FDC227B469D00006DBE /* LaunchScreen */ = {
			isa = PBXGroup;
			children = (
				5DCC0D41227B427A0065DA28 /* LaunchScreen.storyboard */,
			);
			path = LaunchScreen;
			sourceTree = "<group>";
		};
		5D217FDE227B4A6300006DBE /* Commons */ = {
			isa = PBXGroup;
			children = (
				5D218020227C3CD600006DBE /* UIComponents */,
				5DC64836227C814F0080B1F4 /* DataSource */,
				5D217FEC227B4D9B00006DBE /* Protocols */,
				5DC64828227C418D0080B1F4 /* Utillties */,
				5D217FDF227B4A6D00006DBE /* Extensions */,
			);
			path = Commons;
			sourceTree = "<group>";
		};
		5D217FDF227B4A6D00006DBE /* Extensions */ = {
			isa = PBXGroup;
			children = (
				5D217FE0227B4A7900006DBE /* UIKit */,
				5DA0D0D5265FA20D002885E3 /* Combine */,
				5D217FE7227B4D0600006DBE /* SwiftStdlib */,
			);
			path = Extensions;
			sourceTree = "<group>";
		};
		5D217FE0227B4A7900006DBE /* UIKit */ = {
			isa = PBXGroup;
			children = (
				5DC64839227C838D0080B1F4 /* UITableView.swift */,
				5D217FE1227B4AC000006DBE /* UIImageView.swift */,
				5D217FE3227B4C8A00006DBE /* UIColor.swift */,
				5DC6482D227C42150080B1F4 /* UIView.swift */,
				5DC64851227D03750080B1F4 /* UICollectionView.swift */,
				5DD9DEDD26B32A9D00A699C9 /* UIViewController.swift */,
			);
			path = UIKit;
			sourceTree = "<group>";
		};
		5D217FE7227B4D0600006DBE /* SwiftStdlib */ = {
			isa = PBXGroup;
			children = (
				5D9B671B2525234B0070C08D /* Codable.swift */,
				5D217FEA227B4D3600006DBE /* KeyedDecodingContainer.swift */,
				5DC64846227CBD1C0080B1F4 /* String.swift */,
				5D5C126D2280831600B9B4EF /* Optional.swift */,
				5DA0D0DA265FA542002885E3 /* Result.swift */,
				5D4CC87B276FADD000162F6C /* Collection.swift */,
			);
			path = SwiftStdlib;
			sourceTree = "<group>";
		};
		5D217FEC227B4D9B00006DBE /* Protocols */ = {
			isa = PBXGroup;
			children = (
				5D217FED227B4DA900006DBE /* PluggableApplicationDelegate.swift */,
				5DC64834227C813D0080B1F4 /* CellConfigurable.swift */,
				5D4CC87D276FE0D800162F6C /* ViewModel.swift */,
				5DD2C1062789FADC00ADDB12 /* AssociatedObject.swift */,
			);
			path = Protocols;
			sourceTree = "<group>";
		};
		5D217FF0227B4DD000006DBE /* Plugins */ = {
			isa = PBXGroup;
			children = (
				5D4CC875276F813000162F6C /* Window */,
				5D4CC876276F813700162F6C /* Theme */,
			);
			path = Plugins;
			sourceTree = "<group>";
		};
		5D217FF9227B534000006DBE /* Core */ = {
			isa = PBXGroup;
			children = (
				5D21800F227B5B0000006DBE /* Entities */,
				5D218001227B586E00006DBE /* UseCases */,
				5D606E58264EC74400E8D23D /* Repositories */,
				5D606E53264EC5C800E8D23D /* Gateways */,
			);
			path = Core;
			sourceTree = "<group>";
		};
		5D217FFA227B534A00006DBE /* Data */ = {
			isa = PBXGroup;
			children = (
				5D9228EE2280F1200048C614 /* Network */,
				5D9228F722817CE30048C614 /* Realm */,
			);
			path = Data;
			sourceTree = "<group>";
		};
		5D218001227B586E00006DBE /* UseCases */ = {
			isa = PBXGroup;
			children = (
				5D218004227B58CE00006DBE /* CharacterUseCase.swift */,
				5D4739CD227DB6D4000941C6 /* MediaUseCase.swift */,
			);
			path = UseCases;
			sourceTree = "<group>";
		};
		5D21800F227B5B0000006DBE /* Entities */ = {
			isa = PBXGroup;
			children = (
				5DC64831227C4A540080B1F4 /* Commons */,
				5D218013227B702F00006DBE /* MarvelCharacter.swift */,
				5D50C87B22821F37008A4BFA /* MediaType.swift */,
				5D21800D227B5AEF00006DBE /* Media.swift */,
				5D218019227B9D4700006DBE /* Image.swift */,
			);
			path = Entities;
			sourceTree = "<group>";
		};
		5D21801B227C2B4E00006DBE /* Characters */ = {
			isa = PBXGroup;
			children = (
				5DC64859227D142D0080B1F4 /* List */,
				5DC64841227CA3C80080B1F4 /* Search */,
				5DC6484A227CEAD60080B1F4 /* Detail */,
				5DCC0D3C227B42790065DA28 /* Main.storyboard */,
			);
			path = Characters;
			sourceTree = "<group>";
		};
		5D218020227C3CD600006DBE /* UIComponents */ = {
			isa = PBXGroup;
			children = (
				5D218024227C3F1F00006DBE /* StateView */,
				5D218023227C3F1900006DBE /* ParallelogramView */,
			);
			path = UIComponents;
			sourceTree = "<group>";
		};
		5D218023227C3F1900006DBE /* ParallelogramView */ = {
			isa = PBXGroup;
			children = (
				5D218021227C3CEE00006DBE /* ParallelogramView.swift */,
			);
			path = ParallelogramView;
			sourceTree = "<group>";
		};
		5D218024227C3F1F00006DBE /* StateView */ = {
			isa = PBXGroup;
			children = (
				5D606E15264D64B900E8D23D /* EmptyStateView.swift */,
				5D218026227C3F3900006DBE /* EmptyStateView.xib */,
				5D218027227C3F3900006DBE /* ErrorStateView.swift */,
				5D218028227C3F3900006DBE /* ErrorStateView.xib */,
				5D606E17264D64C500E8D23D /* LoadingStateView.swift */,
				5D218025227C3F3900006DBE /* LoadingStateView.xib */,
			);
			path = StateView;
			sourceTree = "<group>";
		};
		5D335AE82650504E00327BF7 /* Fastlane */ = {
			isa = PBXGroup;
			children = (
				5D335AE92650504E00327BF7 /* Fastfile */,
			);
			path = Fastlane;
			sourceTree = SOURCE_ROOT;
		};
		5D433CFE227DEED100C116FA /* Model */ = {
			isa = PBXGroup;
			children = (
				5DC6483F227C99A90080B1F4 /* CharacterItem.swift */,
			);
			path = Model;
			sourceTree = "<group>";
		};
		5D433D09227E01C200C116FA /* Model */ = {
			isa = PBXGroup;
			children = (
				5DF872B3227D9C1D00DB0CCD /* CharacterDetailsItem.swift */,
			);
			path = Model;
			sourceTree = "<group>";
		};
		5D45D053264CBAB200345602 /* Configurations */ = {
			isa = PBXGroup;
			children = (
				5D9B6724252530B60070C08D /* Default.xcconfig */,
				5D9B672225252DA70070C08D /* Debug.xcconfig */,
				5D9B672325252DB20070C08D /* Release.xcconfig */,
				5D9B671E25252D8A0070C08D /* Config.swift */,
			);
			path = Configurations;
			sourceTree = "<group>";
		};
		5D45D054264CBAD300345602 /* Environment */ = {
			isa = PBXGroup;
			children = (
				5D9B672025252D960070C08D /* Environment.swift */,
			);
			path = Environment;
			sourceTree = "<group>";
		};
		5D45D055264CBB0800345602 /* SwiftLint */ = {
			isa = PBXGroup;
			children = (
				5D45D05B264CBD0A00345602 /* .swiftlint.yml */,
				5D45D05C264CBD6C00345602 /* lint.sh */,
			);
			path = SwiftLint;
			sourceTree = "<group>";
		};
		5D45D056264CBB1400345602 /* SwiftFormat */ = {
			isa = PBXGroup;
			children = (
				5D45D059264CBB8700345602 /* .swiftformat */,
				5D45D05A264CBBA600345602 /* format.sh */,
			);
			path = SwiftFormat;
			sourceTree = "<group>";
		};
		5D45D057264CBB1C00345602 /* SwiftGen */ = {
			isa = PBXGroup;
			children = (
				5D45D05E264CBDE700345602 /* swiftgen.yml */,
				5D45D05D264CBD9900345602 /* generate.sh */,
			);
			path = SwiftGen;
			sourceTree = "<group>";
		};
		5D45D058264CBB2200345602 /* GitHooks */ = {
			isa = PBXGroup;
			children = (
				5D45D05F264CBE5400345602 /* install.sh */,
				5D45D060264CBE6A00345602 /* pre-commit.sh */,
			);
			path = GitHooks;
			sourceTree = "<group>";
		};
		5D45D068264CBFD700345602 /* Images */ = {
			isa = PBXGroup;
			children = (
				5DCC0D3F227B427A0065DA28 /* Images.xcassets */,
			);
			path = Images;
			sourceTree = "<group>";
		};
		5D45D069264CBFE800345602 /* Colors */ = {
			isa = PBXGroup;
			children = (
				5D45D06A264CBFF900345602 /* Colors.xcassets */,
			);
			path = Colors;
			sourceTree = "<group>";
		};
		5D45D06C264CC00A00345602 /* Strings */ = {
			isa = PBXGroup;
			children = (
				5D45D066264CBF5E00345602 /* Localizable.strings */,
			);
			path = Strings;
			sourceTree = "<group>";
		};
		5D45D06D264CC01800345602 /* Generated */ = {
			isa = PBXGroup;
			children = (
				5D606E11264CC98600E8D23D /* Strings.swift */,
				5D217FDA227B467B00006DBE /* Assets.swift */,
			);
			path = Generated;
			sourceTree = "<group>";
		};
		5D4CC875276F813000162F6C /* Window */ = {
			isa = PBXGroup;
			children = (
				5D433CFC227DEBBE00C116FA /* WindowPlugin.swift */,
			);
			path = Window;
			sourceTree = "<group>";
		};
		5D4CC876276F813700162F6C /* Theme */ = {
			isa = PBXGroup;
			children = (
				5D4CC877276F814100162F6C /* Theme.swift */,
				5D217FF1227B4DF000006DBE /* ThemePlugin.swift */,
			);
			path = Theme;
			sourceTree = "<group>";
		};
		5D606E0A264CC5D500E8D23D /* Assets */ = {
			isa = PBXGroup;
			children = (
				5D606E0C264CC60600E8D23D /* Launch.png */,
				5D606E0D264CC60600E8D23D /* Characters.png */,
				5D606E0E264CC60600E8D23D /* Search.png */,
				5D606E0B264CC60600E8D23D /* Details.png */,
			);
			path = Assets;
			sourceTree = "<group>";
		};
		5D606E1E264D71AA00E8D23D /* MarvelTests */ = {
			isa = PBXGroup;
			children = (
				5D606E71264F2F6D00E8D23D /* Utilities */,
				5D606E2A264D755E00E8D23D /* Core */,
				5D606E59264EC79A00E8D23D /* Data */,
				5D606E6A264F11AA00E8D23D /* Scenes */,
				5D606E21264D71AA00E8D23D /* Info.plist */,
			);
			path = MarvelTests;
			sourceTree = "<group>";
		};
		5D606E27264D748400E8D23D /* Network */ = {
			isa = PBXGroup;
			children = (
				5D606E37264DB2AF00E8D23D /* APIClient */,
				5D606E61264EC92100E8D23D /* Gateways */,
			);
			path = Network;
			sourceTree = "<group>";
		};
		5D606E2A264D755E00E8D23D /* Core */ = {
			isa = PBXGroup;
			children = (
				5D606E5F264EC8EF00E8D23D /* Entities */,
				5D606E5A264EC7D300E8D23D /* UseCases */,
			);
			path = Core;
			sourceTree = "<group>";
		};
		5D606E37264DB2AF00E8D23D /* APIClient */ = {
			isa = PBXGroup;
			children = (
				5D606E28264D752200E8D23D /* APIClientSpy.swift */,
			);
			path = APIClient;
			sourceTree = "<group>";
		};
		5D606E38264DB2BA00E8D23D /* Character */ = {
			isa = PBXGroup;
			children = (
				5D606E2D264D773900E8D23D /* CharacterGatewayTests.swift */,
				5D606E4F264EC55600E8D23D /* CharacterGatewayStub.swift */,
			);
			path = Character;
			sourceTree = "<group>";
		};
		5D606E39264DB2C500E8D23D /* Media */ = {
			isa = PBXGroup;
			children = (
				5D606E33264DB0B400E8D23D /* MediaGatewayTests.swift */,
				5D606E51264EC56300E8D23D /* MediaGatewayStub.swift */,
			);
			path = Media;
			sourceTree = "<group>";
		};
		5D606E42264E849100E8D23D /* Realm */ = {
			isa = PBXGroup;
			children = (
				5D606E45264E857E00E8D23D /* AnyRepositoryTests.swift */,
				5D606E47264E89AD00E8D23D /* RealmRepositoryTests.swift */,
				5D606E43264E84CA00E8D23D /* RealmRepositorySpy.swift */,
				5D606E68264ECC4900E8D23D /* RepositoryStub.swift */,
			);
			path = Realm;
			sourceTree = "<group>";
		};
		5D606E53264EC5C800E8D23D /* Gateways */ = {
			isa = PBXGroup;
			children = (
				5D606E54264EC5DE00E8D23D /* CharacterGateway.swift */,
				5D606E56264EC5E700E8D23D /* MediaGateway.swift */,
			);
			path = Gateways;
			sourceTree = "<group>";
		};
		5D606E58264EC74400E8D23D /* Repositories */ = {
			isa = PBXGroup;
			children = (
				5D9229042281912B0048C614 /* AbstractRepository.swift */,
			);
			path = Repositories;
			sourceTree = "<group>";
		};
		5D606E59264EC79A00E8D23D /* Data */ = {
			isa = PBXGroup;
			children = (
				5D606E27264D748400E8D23D /* Network */,
				5D606E42264E849100E8D23D /* Realm */,
			);
			path = Data;
			sourceTree = "<group>";
		};
		5D606E5A264EC7D300E8D23D /* UseCases */ = {
			isa = PBXGroup;
			children = (
				5D606E62264EC99E00E8D23D /* Character */,
				5D606E63264EC9A500E8D23D /* Media */,
			);
			path = UseCases;
			sourceTree = "<group>";
		};
		5D606E5F264EC8EF00E8D23D /* Entities */ = {
			isa = PBXGroup;
			children = (
				5D606E60264EC90B00E8D23D /* Commons */,
				5D606E2F264D79D300E8D23D /* MarvelCharacter.swift */,
				5D606E35264DB16300E8D23D /* Media.swift */,
			);
			path = Entities;
			sourceTree = "<group>";
		};
		5D606E60264EC90B00E8D23D /* Commons */ = {
			isa = PBXGroup;
			children = (
				5D606E2B264D757400E8D23D /* EntityTestDouble.swift */,
				5D606E31264D7B2700E8D23D /* PaginatorTests.swift */,
				5D606E40264DBDAA00E8D23D /* IdentityTests.swift */,
			);
			path = Commons;
			sourceTree = "<group>";
		};
		5D606E61264EC92100E8D23D /* Gateways */ = {
			isa = PBXGroup;
			children = (
				5D606E38264DB2BA00E8D23D /* Character */,
				5D606E39264DB2C500E8D23D /* Media */,
			);
			path = Gateways;
			sourceTree = "<group>";
		};
		5D606E62264EC99E00E8D23D /* Character */ = {
			isa = PBXGroup;
			children = (
				5D606E5B264EC7F000E8D23D /* CharacterUseCaseStub.swift */,
				5D606E64264EC9B800E8D23D /* CharacterUseCaseTests.swift */,
			);
			path = Character;
			sourceTree = "<group>";
		};
		5D606E63264EC9A500E8D23D /* Media */ = {
			isa = PBXGroup;
			children = (
				5D606E5D264EC7F900E8D23D /* MediaUseCaseStub.swift */,
				5D606E66264EC9C400E8D23D /* MediaUseCaseTests.swift */,
			);
			path = Media;
			sourceTree = "<group>";
		};
		5D606E6A264F11AA00E8D23D /* Scenes */ = {
			isa = PBXGroup;
			children = (
				5D606E6B264F11BF00E8D23D /* Characters */,
			);
			path = Scenes;
			sourceTree = "<group>";
		};
		5D606E6B264F11BF00E8D23D /* Characters */ = {
			isa = PBXGroup;
			children = (
				5D606E6C264F11D200E8D23D /* List */,
				5D0A83CC2651B2450075A622 /* Details */,
			);
			path = Characters;
			sourceTree = "<group>";
		};
		5D606E6C264F11D200E8D23D /* List */ = {
			isa = PBXGroup;
			children = (
				5D606E6F264F234100E8D23D /* CharactersListRouterSpy.swift */,
				5D606E6D264F11E800E8D23D /* CharactersViewModelTests.swift */,
				5D0A83CA2651ABCE0075A622 /* CharacterItemTests.swift */,
			);
			path = List;
			sourceTree = "<group>";
		};
		5D606E71264F2F6D00E8D23D /* Utilities */ = {
			isa = PBXGroup;
			children = (
				5DA0D0D8265FA3B8002885E3 /* XCTestCase+Publisher.swift */,
				5DD2C1082789FC0E00ADDB12 /* AssociatedObjectTests.swift */,
				5DD2C10A278A03BF00ADDB12 /* StateTests.swift */,
			);
			path = Utilities;
			sourceTree = "<group>";
		};
		5D9228EE2280F1200048C614 /* Network */ = {
			isa = PBXGroup;
			children = (
				5D92290A2281BFCE0048C614 /* APIClient */,
				5D92290B2281BFD80048C614 /* Gateways */,
			);
			path = Network;
			sourceTree = "<group>";
		};
		5D9228F722817CE30048C614 /* Realm */ = {
			isa = PBXGroup;
			children = (
				5D47378325251E6A00360C4A /* RealmObject.swift */,
				5D922906228191360048C614 /* RealmRepository.swift */,
			);
			path = Realm;
			sourceTree = "<group>";
		};
		5D92290A2281BFCE0048C614 /* APIClient */ = {
			isa = PBXGroup;
			children = (
				5D9228EF2280F1200048C614 /* APIClient.swift */,
			);
			path = APIClient;
			sourceTree = "<group>";
		};
		5D92290B2281BFD80048C614 /* Gateways */ = {
			isa = PBXGroup;
			children = (
				5D9228F02280F1200048C614 /* APICharacterGateway.swift */,
				5D9228F12280F1200048C614 /* APIMarvelMediaGateway.swift */,
			);
			path = Gateways;
			sourceTree = "<group>";
		};
		5D9B671D25252D700070C08D /* Settings */ = {
			isa = PBXGroup;
			children = (
				5D606E0A264CC5D500E8D23D /* Assets */,
				5D45D053264CBAB200345602 /* Configurations */,
				5D45D054264CBAD300345602 /* Environment */,
				5D45D057264CBB1C00345602 /* SwiftGen */,
				5D45D056264CBB1400345602 /* SwiftFormat */,
				5D45D055264CBB0800345602 /* SwiftLint */,
				5D45D058264CBB2200345602 /* GitHooks */,
				5D335AE82650504E00327BF7 /* Fastlane */,
				5D335AED2650506700327BF7 /* Gemfile */,
				5D335AEA2650506700327BF7 /* Gemfile.lock */,
				5D335AEB2650506700327BF7 /* Podfile */,
				5D335AEC2650506700327BF7 /* Podfile.lock */,
				5D606E10264CC8AD00E8D23D /* .gitignore */,
				5D9B672825253C0E0070C08D /* README.md */,
			);
			path = Settings;
			sourceTree = "<group>";
		};
		5DA0D0D5265FA20D002885E3 /* Combine */ = {
			isa = PBXGroup;
			children = (
				5DBB7168265EEA0700947A5C /* Publisher.swift */,
				5DA0D0D3265FA202002885E3 /* AnyPublisher.swift */,
				5D4CC879276F9CFF00162F6C /* PassthroughSubject.swift */,
				5DA3D82F2785C47F0067801A /* AnyScheduler.swift */,
			);
			path = Combine;
			sourceTree = "<group>";
		};
		5DC64828227C418D0080B1F4 /* Utillties */ = {
			isa = PBXGroup;
			children = (
				5DC64829227C419E0080B1F4 /* State.swift */,
			);
			path = Utillties;
			sourceTree = "<group>";
		};
		5DC64831227C4A540080B1F4 /* Commons */ = {
			isa = PBXGroup;
			children = (
				5D217FFF227B545300006DBE /* MarvelResponse.swift */,
				5D606E3A264DBA3300E8D23D /* MarvelPaginator.swift */,
				5D218017227B996D00006DBE /* MarvelParameter.swift */,
				5D217FFD227B53C600006DBE /* MarvelError.swift */,
				5D606E3C264DBC1900E8D23D /* Identifiable.swift */,
				5D47378525251EE700360C4A /* Entity.swift */,
				5D606E3E264DBC3200E8D23D /* Parameter.swift */,
			);
			path = Commons;
			sourceTree = "<group>";
		};
		5DC64836227C814F0080B1F4 /* DataSource */ = {
			isa = PBXGroup;
			children = (
				5DC6482B227C41CF0080B1F4 /* ListView+State.swift */,
				5DC64837227C81610080B1F4 /* TableViewDataSource.swift */,
				5DC6484F227D019E0080B1F4 /* CollectionViewDataSource.swift */,
			);
			path = DataSource;
			sourceTree = "<group>";
		};
		5DC64841227CA3C80080B1F4 /* Search */ = {
			isa = PBXGroup;
			children = (
				5DF872B0227D863400DB0CCD /* View */,
			);
			path = Search;
			sourceTree = "<group>";
		};
		5DC6484A227CEAD60080B1F4 /* Detail */ = {
			isa = PBXGroup;
			children = (
				5D433D09227E01C200C116FA /* Model */,
				5DF872AE227D862200DB0CCD /* View */,
				5DF872AF227D862A00DB0CCD /* ViewModel */,
			);
			path = Detail;
			sourceTree = "<group>";
		};
		5DC64859227D142D0080B1F4 /* List */ = {
			isa = PBXGroup;
			children = (
				5D433CFE227DEED100C116FA /* Model */,
				5DF872B1227D863F00DB0CCD /* View */,
				5DF872B2227D864800DB0CCD /* ViewModel */,
				5DD9DEDA26B31EF800A699C9 /* Router */,
			);
			path = List;
			sourceTree = "<group>";
		};
		5DCC0D2C227B42790065DA28 = {
			isa = PBXGroup;
			children = (
				5D9B671D25252D700070C08D /* Settings */,
				5DCC0D37227B42790065DA28 /* Marvel */,
				5D606E1E264D71AA00E8D23D /* MarvelTests */,
				5DCC0D36227B42790065DA28 /* Products */,
				243E33EBF7D69B382D1FB406 /* Pods */,
				90D25856C806BD16492C052C /* Frameworks */,
			);
			sourceTree = "<group>";
		};
		5DCC0D36227B42790065DA28 /* Products */ = {
			isa = PBXGroup;
			children = (
				5DCC0D35227B42790065DA28 /* Marvel.app */,
				5D606E1D264D71AA00E8D23D /* MarvelTests.xctest */,
			);
			name = Products;
			sourceTree = "<group>";
		};
		5DCC0D37227B42790065DA28 /* Marvel */ = {
			isa = PBXGroup;
			children = (
				5D217FD4227B444300006DBE /* Application */,
				5D217FF9227B534000006DBE /* Core */,
				5D217FFA227B534A00006DBE /* Data */,
				5D217FD5227B445400006DBE /* Scenes */,
				5D217FDE227B4A6300006DBE /* Commons */,
				5D217FD7227B44D500006DBE /* Resources */,
				5D217FD6227B44C400006DBE /* Supporting Files */,
			);
			path = Marvel;
			sourceTree = "<group>";
		};
		5DD9DEDA26B31EF800A699C9 /* Router */ = {
			isa = PBXGroup;
			children = (
				5DD9DEDB26B31F0D00A699C9 /* CharactersListRouter.swift */,
			);
			path = Router;
			sourceTree = "<group>";
		};
		5DF872AE227D862200DB0CCD /* View */ = {
			isa = PBXGroup;
			children = (
				5DC6484B227CEAF60080B1F4 /* CharacterDetailViewController.swift */,
				5DC64855227D07100080B1F4 /* MediaTableCell.swift */,
				5DC64857227D08860080B1F4 /* MediaCollectionCell.swift */,
				5DF872AC227D84A500DB0CCD /* CharacterDetailHeaderView.swift */,
			);
			path = View;
			sourceTree = "<group>";
		};
		5DF872AF227D862A00DB0CCD /* ViewModel */ = {
			isa = PBXGroup;
			children = (
				5DC6484D227CEB060080B1F4 /* CharacterDetailViewModel.swift */,
			);
			path = ViewModel;
			sourceTree = "<group>";
		};
		5DF872B0227D863400DB0CCD /* View */ = {
			isa = PBXGroup;
			children = (
				5DC64842227CA3ED0080B1F4 /* SearchViewController.swift */,
				5DC64844227CA6310080B1F4 /* SearchCell.swift */,
			);
			path = View;
			sourceTree = "<group>";
		};
		5DF872B1227D863F00DB0CCD /* View */ = {
			isa = PBXGroup;
			children = (
				5D21801C227C2B7000006DBE /* CharactersViewController.swift */,
				5D21801E227C318F00006DBE /* CharactersCell.swift */,
			);
			path = View;
			sourceTree = "<group>";
		};
		5DF872B2227D864800DB0CCD /* ViewModel */ = {
			isa = PBXGroup;
			children = (
				5DC6483B227C88850080B1F4 /* CharactersViewModel.swift */,
			);
			path = ViewModel;
			sourceTree = "<group>";
		};
		90D25856C806BD16492C052C /* Frameworks */ = {
			isa = PBXGroup;
			children = (
				F47C1266B47794F849D7E18A /* Pods_Marvel.framework */,
				2BA5B60585AB88BEDC2F1562 /* Pods_MarvelTests.framework */,
			);
			name = Frameworks;
			sourceTree = "<group>";
		};
/* End PBXGroup section */

/* Begin PBXNativeTarget section */
		5D606E1C264D71AA00E8D23D /* MarvelTests */ = {
			isa = PBXNativeTarget;
			buildConfigurationList = 5D606E26264D71AA00E8D23D /* Build configuration list for PBXNativeTarget "MarvelTests" */;
			buildPhases = (
				4BF09B895EBEB4EF0A41EEDC /* [CP] Check Pods Manifest.lock */,
				5D606E19264D71AA00E8D23D /* Sources */,
				5D606E1A264D71AA00E8D23D /* Frameworks */,
				5D606E1B264D71AA00E8D23D /* Resources */,
			);
			buildRules = (
			);
			dependencies = (
				5D606E23264D71AA00E8D23D /* PBXTargetDependency */,
			);
			name = MarvelTests;
			productName = MarvelTests;
			productReference = 5D606E1D264D71AA00E8D23D /* MarvelTests.xctest */;
			productType = "com.apple.product-type.bundle.unit-test";
		};
		5DCC0D34227B42790065DA28 /* Marvel */ = {
			isa = PBXNativeTarget;
			buildConfigurationList = 5DCC0D47227B427A0065DA28 /* Build configuration list for PBXNativeTarget "Marvel" */;
			buildPhases = (
				6179E4A9D1BE349CBE6FE709 /* [CP] Check Pods Manifest.lock */,
				5DCC0D31227B42790065DA28 /* Sources */,
				5DCC0D32227B42790065DA28 /* Frameworks */,
				5DCC0D33227B42790065DA28 /* Resources */,
				1356C9BCA1C44CD51CB2378D /* [CP-User] GitHooks */,
				CA1613CFA1C8C1E1B4790620 /* [CP-User] SwiftLint */,
				69C8A7166A657A043F40C363 /* [CP-User] SwiftGen */,
			);
			buildRules = (
			);
			dependencies = (
			);
			name = Marvel;
			packageProductDependencies = (
				5D161568264167E1004D00C4 /* CoreNetwork */,
				5D16156B264167FF004D00C4 /* Kingfisher */,
				5D16156E26416829004D00C4 /* CryptoSwift */,
				5D16157126416895004D00C4 /* RealmSwift */,
				5DA3D8322785C4B90067801A /* CombineSchedulers */,
				5DA3D8352785D3780067801A /* CombineCocoa */,
				5D6DFC2D27862B5C002078E4 /* XcodeConfig */,
			);
			productName = Marvel;
			productReference = 5DCC0D35227B42790065DA28 /* Marvel.app */;
			productType = "com.apple.product-type.application";
		};
/* End PBXNativeTarget section */

/* Begin PBXProject section */
		5DCC0D2D227B42790065DA28 /* Project object */ = {
			isa = PBXProject;
			attributes = {
				LastSwiftUpdateCheck = 1250;
				LastUpgradeCheck = 1250;
				ORGANIZATIONNAME = "Anas Alhasani";
				TargetAttributes = {
					5D606E1C264D71AA00E8D23D = {
						CreatedOnToolsVersion = 12.5;
						TestTargetID = 5DCC0D34227B42790065DA28;
					};
					5DCC0D34227B42790065DA28 = {
						CreatedOnToolsVersion = 10.2.1;
					};
				};
			};
			buildConfigurationList = 5DCC0D30227B42790065DA28 /* Build configuration list for PBXProject "Marvel" */;
			compatibilityVersion = "Xcode 9.3";
			developmentRegion = en;
			hasScannedForEncodings = 0;
			knownRegions = (
				en,
				Base,
				ar,
			);
			mainGroup = 5DCC0D2C227B42790065DA28;
			packageReferences = (
				5D161567264167E1004D00C4 /* XCRemoteSwiftPackageReference "CoreNetwork" */,
				5D16156A264167FF004D00C4 /* XCRemoteSwiftPackageReference "Kingfisher" */,
				5D16156D26416829004D00C4 /* XCRemoteSwiftPackageReference "CryptoSwift" */,
				5D16157026416895004D00C4 /* XCRemoteSwiftPackageReference "realm-cocoa" */,
				5DA3D8312785C4B90067801A /* XCRemoteSwiftPackageReference "combine-schedulers" */,
				5DA3D8342785D3780067801A /* XCRemoteSwiftPackageReference "CombineCocoa" */,
				5D6DFC2C27862B5C002078E4 /* XCRemoteSwiftPackageReference "XcodeConfig" */,
			);
			productRefGroup = 5DCC0D36227B42790065DA28 /* Products */;
			projectDirPath = "";
			projectRoot = "";
			targets = (
				5DCC0D34227B42790065DA28 /* Marvel */,
				5D606E1C264D71AA00E8D23D /* MarvelTests */,
			);
		};
/* End PBXProject section */

/* Begin PBXResourcesBuildPhase section */
		5D606E1B264D71AA00E8D23D /* Resources */ = {
			isa = PBXResourcesBuildPhase;
			buildActionMask = 2147483647;
			files = (
			);
			runOnlyForDeploymentPostprocessing = 0;
		};
		5DCC0D33227B42790065DA28 /* Resources */ = {
			isa = PBXResourcesBuildPhase;
			buildActionMask = 2147483647;
			files = (
				5DCC0D43227B427A0065DA28 /* LaunchScreen.storyboard in Resources */,
				5D21802A227C3F3900006DBE /* EmptyStateView.xib in Resources */,
				5D45D06B264CBFF900345602 /* Colors.xcassets in Resources */,
				5DCC0D40227B427A0065DA28 /* Images.xcassets in Resources */,
				5D45D064264CBF5E00345602 /* Localizable.strings in Resources */,
				5D21802C227C3F3900006DBE /* ErrorStateView.xib in Resources */,
				5DCC0D3E227B42790065DA28 /* Main.storyboard in Resources */,
				5D218029227C3F3900006DBE /* LoadingStateView.xib in Resources */,
			);
			runOnlyForDeploymentPostprocessing = 0;
		};
/* End PBXResourcesBuildPhase section */

/* Begin PBXShellScriptBuildPhase section */
		1356C9BCA1C44CD51CB2378D /* [CP-User] GitHooks */ = {
			isa = PBXShellScriptBuildPhase;
			buildActionMask = 2147483647;
			files = (
			);
			name = "[CP-User] GitHooks";
			runOnlyForDeploymentPostprocessing = 0;
			shellPath = /bin/sh;
			shellScript = $SRCROOT/Settings/GitHooks/install.sh;
		};
		4BF09B895EBEB4EF0A41EEDC /* [CP] Check Pods Manifest.lock */ = {
			isa = PBXShellScriptBuildPhase;
			buildActionMask = 2147483647;
			files = (
			);
			inputFileListPaths = (
			);
			inputPaths = (
				"${PODS_PODFILE_DIR_PATH}/Podfile.lock",
				"${PODS_ROOT}/Manifest.lock",
			);
			name = "[CP] Check Pods Manifest.lock";
			outputFileListPaths = (
			);
			outputPaths = (
				"$(DERIVED_FILE_DIR)/Pods-MarvelTests-checkManifestLockResult.txt",
			);
			runOnlyForDeploymentPostprocessing = 0;
			shellPath = /bin/sh;
			shellScript = "diff \"${PODS_PODFILE_DIR_PATH}/Podfile.lock\" \"${PODS_ROOT}/Manifest.lock\" > /dev/null\nif [ $? != 0 ] ; then\n    # print error to STDERR\n    echo \"error: The sandbox is not in sync with the Podfile.lock. Run 'pod install' or update your CocoaPods installation.\" >&2\n    exit 1\nfi\n# This output is used by Xcode 'outputs' to avoid re-running this script phase.\necho \"SUCCESS\" > \"${SCRIPT_OUTPUT_FILE_0}\"\n";
			showEnvVarsInLog = 0;
		};
		6179E4A9D1BE349CBE6FE709 /* [CP] Check Pods Manifest.lock */ = {
			isa = PBXShellScriptBuildPhase;
			buildActionMask = 2147483647;
			files = (
			);
			inputFileListPaths = (
			);
			inputPaths = (
				"${PODS_PODFILE_DIR_PATH}/Podfile.lock",
				"${PODS_ROOT}/Manifest.lock",
			);
			name = "[CP] Check Pods Manifest.lock";
			outputFileListPaths = (
			);
			outputPaths = (
				"$(DERIVED_FILE_DIR)/Pods-Marvel-checkManifestLockResult.txt",
			);
			runOnlyForDeploymentPostprocessing = 0;
			shellPath = /bin/sh;
			shellScript = "diff \"${PODS_PODFILE_DIR_PATH}/Podfile.lock\" \"${PODS_ROOT}/Manifest.lock\" > /dev/null\nif [ $? != 0 ] ; then\n    # print error to STDERR\n    echo \"error: The sandbox is not in sync with the Podfile.lock. Run 'pod install' or update your CocoaPods installation.\" >&2\n    exit 1\nfi\n# This output is used by Xcode 'outputs' to avoid re-running this script phase.\necho \"SUCCESS\" > \"${SCRIPT_OUTPUT_FILE_0}\"\n";
			showEnvVarsInLog = 0;
		};
		69C8A7166A657A043F40C363 /* [CP-User] SwiftGen */ = {
			isa = PBXShellScriptBuildPhase;
			buildActionMask = 2147483647;
			files = (
			);
			name = "[CP-User] SwiftGen";
			runOnlyForDeploymentPostprocessing = 0;
			shellPath = /bin/sh;
			shellScript = $SRCROOT/Settings/SwiftGen/generate.sh;
		};
		CA1613CFA1C8C1E1B4790620 /* [CP-User] SwiftLint */ = {
			isa = PBXShellScriptBuildPhase;
			buildActionMask = 2147483647;
			files = (
			);
			name = "[CP-User] SwiftLint";
			runOnlyForDeploymentPostprocessing = 0;
			shellPath = /bin/sh;
			shellScript = $SRCROOT/Settings/SwiftLint/lint.sh;
		};
/* End PBXShellScriptBuildPhase section */

/* Begin PBXSourcesBuildPhase section */
		5D606E19264D71AA00E8D23D /* Sources */ = {
			isa = PBXSourcesBuildPhase;
			buildActionMask = 2147483647;
			files = (
				5D606E2E264D773900E8D23D /* CharacterGatewayTests.swift in Sources */,
				5D606E34264DB0B400E8D23D /* MediaGatewayTests.swift in Sources */,
				5D606E5E264EC7F900E8D23D /* MediaUseCaseStub.swift in Sources */,
				5D606E44264E84CA00E8D23D /* RealmRepositorySpy.swift in Sources */,
				5DA0D0D9265FA3B8002885E3 /* XCTestCase+Publisher.swift in Sources */,
				5D606E70264F234100E8D23D /* CharactersListRouterSpy.swift in Sources */,
				5DD2C1092789FC0E00ADDB12 /* AssociatedObjectTests.swift in Sources */,
				5D606E46264E857F00E8D23D /* AnyRepositoryTests.swift in Sources */,
				5D606E30264D79D300E8D23D /* MarvelCharacter.swift in Sources */,
				5D606E5C264EC7F000E8D23D /* CharacterUseCaseStub.swift in Sources */,
				5D0A83CB2651ABCE0075A622 /* CharacterItemTests.swift in Sources */,
				5DD2C10B278A03BF00ADDB12 /* StateTests.swift in Sources */,
				5D606E48264E89AD00E8D23D /* RealmRepositoryTests.swift in Sources */,
				5D606E52264EC56300E8D23D /* MediaGatewayStub.swift in Sources */,
				5D606E41264DBDAA00E8D23D /* IdentityTests.swift in Sources */,
				5D606E2C264D757400E8D23D /* EntityTestDouble.swift in Sources */,
				5D0A83D02651BC6F0075A622 /* CharacterDetailsItemTests.swift in Sources */,
				5D606E29264D752200E8D23D /* APIClientSpy.swift in Sources */,
				5D0A83CE2651B2530075A622 /* CharacterDetailViewModelTests.swift in Sources */,
				5D606E36264DB16300E8D23D /* Media.swift in Sources */,
				5D606E67264EC9C400E8D23D /* MediaUseCaseTests.swift in Sources */,
				5D606E50264EC55600E8D23D /* CharacterGatewayStub.swift in Sources */,
				5D606E6E264F11E800E8D23D /* CharactersViewModelTests.swift in Sources */,
				5D606E32264D7B2700E8D23D /* PaginatorTests.swift in Sources */,
				5D606E65264EC9B800E8D23D /* CharacterUseCaseTests.swift in Sources */,
				5D606E69264ECC4900E8D23D /* RepositoryStub.swift in Sources */,
			);
			runOnlyForDeploymentPostprocessing = 0;
		};
		5DCC0D31227B42790065DA28 /* Sources */ = {
			isa = PBXSourcesBuildPhase;
			buildActionMask = 2147483647;
			files = (
				5DD9DEDE26B32A9D00A699C9 /* UIViewController.swift in Sources */,
				5DC64856227D07100080B1F4 /* MediaTableCell.swift in Sources */,
				5DC6482E227C42150080B1F4 /* UIView.swift in Sources */,
				5D218022227C3CEE00006DBE /* ParallelogramView.swift in Sources */,
				5DC64858227D08860080B1F4 /* MediaCollectionCell.swift in Sources */,
				5D9228F52280F1200048C614 /* APICharacterGateway.swift in Sources */,
				5D606E57264EC5E700E8D23D /* MediaGateway.swift in Sources */,
				5DC64850227D019E0080B1F4 /* CollectionViewDataSource.swift in Sources */,
				5D47378625251EE700360C4A /* Entity.swift in Sources */,
				5D217FEE227B4DA900006DBE /* PluggableApplicationDelegate.swift in Sources */,
				5D9B672125252D960070C08D /* Environment.swift in Sources */,
				5D4CC878276F814100162F6C /* Theme.swift in Sources */,
				5D5C126E2280831600B9B4EF /* Optional.swift in Sources */,
				5D4CC87A276F9CFF00162F6C /* PassthroughSubject.swift in Sources */,
				5DBB7169265EEA0700947A5C /* Publisher.swift in Sources */,
				5D606E14264D60C400E8D23D /* Resources+Types.swift in Sources */,
				5DC6483C227C88850080B1F4 /* CharactersViewModel.swift in Sources */,
				5DD9DED926B31CCC00A699C9 /* ViewFactory.swift in Sources */,
				5DC64838227C81610080B1F4 /* TableViewDataSource.swift in Sources */,
				5D9B671C2525234B0070C08D /* Codable.swift in Sources */,
				5DC64845227CA6310080B1F4 /* SearchCell.swift in Sources */,
				5DD9DED726B313EA00A699C9 /* AppCore.swift in Sources */,
				5D217FEB227B4D3600006DBE /* KeyedDecodingContainer.swift in Sources */,
				5D217FE2227B4AC000006DBE /* UIImageView.swift in Sources */,
				5D9B671F25252D8A0070C08D /* Config.swift in Sources */,
				5D21802B227C3F3900006DBE /* ErrorStateView.swift in Sources */,
				5D217FF2227B4DF000006DBE /* ThemePlugin.swift in Sources */,
				5D606E18264D64C500E8D23D /* LoadingStateView.swift in Sources */,
				5D9228F42280F1200048C614 /* APIClient.swift in Sources */,
				5D21801D227C2B7000006DBE /* CharactersViewController.swift in Sources */,
				5DC64840227C99A90080B1F4 /* CharacterItem.swift in Sources */,
				5DCC0D39227B42790065DA28 /* AppDelegate.swift in Sources */,
				5D218014227B702F00006DBE /* MarvelCharacter.swift in Sources */,
				5D217FDB227B467B00006DBE /* Assets.swift in Sources */,
				5DC6484C227CEAF60080B1F4 /* CharacterDetailViewController.swift in Sources */,
				5D50C87C22821F37008A4BFA /* MediaType.swift in Sources */,
				5D21801A227B9D4700006DBE /* Image.swift in Sources */,
				5DC6482C227C41CF0080B1F4 /* ListView+State.swift in Sources */,
				5DC6484E227CEB060080B1F4 /* CharacterDetailViewModel.swift in Sources */,
				5D47378425251E6A00360C4A /* RealmObject.swift in Sources */,
				5D606E55264EC5DE00E8D23D /* CharacterGateway.swift in Sources */,
				5D218018227B996D00006DBE /* MarvelParameter.swift in Sources */,
				5D433CFD227DEBBE00C116FA /* WindowPlugin.swift in Sources */,
				5DC64835227C813D0080B1F4 /* CellConfigurable.swift in Sources */,
				5D4CC87C276FADD000162F6C /* Collection.swift in Sources */,
				5DC6482A227C419E0080B1F4 /* State.swift in Sources */,
				5DC64847227CBD1C0080B1F4 /* String.swift in Sources */,
				5D217FE4227B4C8A00006DBE /* UIColor.swift in Sources */,
				5DF872AD227D84A500DB0CCD /* CharacterDetailHeaderView.swift in Sources */,
				5D218000227B545300006DBE /* MarvelResponse.swift in Sources */,
				5D21800E227B5AEF00006DBE /* Media.swift in Sources */,
				5DF872B4227D9C1D00DB0CCD /* CharacterDetailsItem.swift in Sources */,
				5DC64843227CA3ED0080B1F4 /* SearchViewController.swift in Sources */,
				5D4CC87E276FE0D900162F6C /* ViewModel.swift in Sources */,
				5DC6483A227C838D0080B1F4 /* UITableView.swift in Sources */,
				5D218005227B58CE00006DBE /* CharacterUseCase.swift in Sources */,
				5D606E12264CC98600E8D23D /* Strings.swift in Sources */,
				5D21801F227C318F00006DBE /* CharactersCell.swift in Sources */,
				5DC64852227D03750080B1F4 /* UICollectionView.swift in Sources */,
				5DA0D0DB265FA542002885E3 /* Result.swift in Sources */,
				5D606E3F264DBC3200E8D23D /* Parameter.swift in Sources */,
				5DA0D0D4265FA202002885E3 /* AnyPublisher.swift in Sources */,
				5DA3D8302785C47F0067801A /* AnyScheduler.swift in Sources */,
				5DD9DEDC26B31F0D00A699C9 /* CharactersListRouter.swift in Sources */,
				5D9229052281912B0048C614 /* AbstractRepository.swift in Sources */,
				5D606E3D264DBC1900E8D23D /* Identifiable.swift in Sources */,
				5D606E16264D64B900E8D23D /* EmptyStateView.swift in Sources */,
				5D217FFE227B53C600006DBE /* MarvelError.swift in Sources */,
				5D922907228191360048C614 /* RealmRepository.swift in Sources */,
				5DD2C1072789FADC00ADDB12 /* AssociatedObject.swift in Sources */,
				5D606E3B264DBA3300E8D23D /* MarvelPaginator.swift in Sources */,
				5D9228F62280F1200048C614 /* APIMarvelMediaGateway.swift in Sources */,
				5D4739CE227DB6D4000941C6 /* MediaUseCase.swift in Sources */,
			);
			runOnlyForDeploymentPostprocessing = 0;
		};
/* End PBXSourcesBuildPhase section */

/* Begin PBXTargetDependency section */
		5D606E23264D71AA00E8D23D /* PBXTargetDependency */ = {
			isa = PBXTargetDependency;
			target = 5DCC0D34227B42790065DA28 /* Marvel */;
			targetProxy = 5D606E22264D71AA00E8D23D /* PBXContainerItemProxy */;
		};
/* End PBXTargetDependency section */

/* Begin PBXVariantGroup section */
		5D45D066264CBF5E00345602 /* Localizable.strings */ = {
			isa = PBXVariantGroup;
			children = (
				5D45D065264CBF5E00345602 /* en */,
				5D45D067264CBF8100345602 /* ar */,
			);
			name = Localizable.strings;
			sourceTree = "<group>";
		};
		5DCC0D3C227B42790065DA28 /* Main.storyboard */ = {
			isa = PBXVariantGroup;
			children = (
				5DCC0D3D227B42790065DA28 /* Base */,
			);
			name = Main.storyboard;
			sourceTree = "<group>";
		};
		5DCC0D41227B427A0065DA28 /* LaunchScreen.storyboard */ = {
			isa = PBXVariantGroup;
			children = (
				5DCC0D42227B427A0065DA28 /* Base */,
			);
			name = LaunchScreen.storyboard;
			sourceTree = "<group>";
		};
/* End PBXVariantGroup section */

/* Begin XCBuildConfiguration section */
		5D606E24264D71AA00E8D23D /* Debug */ = {
			isa = XCBuildConfiguration;
			baseConfigurationReference = 36989F6F162581110AF7F481 /* Pods-MarvelTests.debug.xcconfig */;
			buildSettings = {
				BUNDLE_LOADER = "$(TEST_HOST)";
				CODE_SIGN_STYLE = Automatic;
				INFOPLIST_FILE = MarvelTests/Info.plist;
				IPHONEOS_DEPLOYMENT_TARGET = 14.5;
				LD_RUNPATH_SEARCH_PATHS = (
					"$(inherited)",
					"@executable_path/Frameworks",
					"@loader_path/Frameworks",
				);
				PRODUCT_BUNDLE_IDENTIFIER = com.anasalhasani.Marvel.MarvelTests;
				PRODUCT_NAME = "$(TARGET_NAME)";
				SWIFT_VERSION = 5.0;
				TARGETED_DEVICE_FAMILY = "1,2";
				TEST_HOST = "$(BUILT_PRODUCTS_DIR)/Marvel.app/Marvel";
			};
			name = Debug;
		};
		5D606E25264D71AA00E8D23D /* Release */ = {
			isa = XCBuildConfiguration;
			baseConfigurationReference = 2BE575BA2A7645E89B5FAF44 /* Pods-MarvelTests.release.xcconfig */;
			buildSettings = {
				BUNDLE_LOADER = "$(TEST_HOST)";
				CODE_SIGN_STYLE = Automatic;
				INFOPLIST_FILE = MarvelTests/Info.plist;
				IPHONEOS_DEPLOYMENT_TARGET = 14.5;
				LD_RUNPATH_SEARCH_PATHS = (
					"$(inherited)",
					"@executable_path/Frameworks",
					"@loader_path/Frameworks",
				);
				PRODUCT_BUNDLE_IDENTIFIER = com.anasalhasani.Marvel.MarvelTests;
				PRODUCT_NAME = "$(TARGET_NAME)";
				SWIFT_VERSION = 5.0;
				TARGETED_DEVICE_FAMILY = "1,2";
				TEST_HOST = "$(BUILT_PRODUCTS_DIR)/Marvel.app/Marvel";
			};
			name = Release;
		};
		5DCC0D45227B427A0065DA28 /* Debug */ = {
			isa = XCBuildConfiguration;
			baseConfigurationReference = 5D9B672225252DA70070C08D /* Debug.xcconfig */;
			buildSettings = {
				ALWAYS_SEARCH_USER_PATHS = NO;
				CLANG_ANALYZER_LOCALIZABILITY_NONLOCALIZED = YES;
				CLANG_ANALYZER_NONNULL = YES;
				CLANG_ANALYZER_NUMBER_OBJECT_CONVERSION = YES_AGGRESSIVE;
				CLANG_CXX_LANGUAGE_STANDARD = "gnu++14";
				CLANG_CXX_LIBRARY = "libc++";
				CLANG_ENABLE_MODULES = YES;
				CLANG_ENABLE_OBJC_ARC = YES;
				CLANG_ENABLE_OBJC_WEAK = YES;
				CLANG_WARN_BLOCK_CAPTURE_AUTORELEASING = YES;
				CLANG_WARN_BOOL_CONVERSION = YES;
				CLANG_WARN_COMMA = YES;
				CLANG_WARN_CONSTANT_CONVERSION = YES;
				CLANG_WARN_DEPRECATED_OBJC_IMPLEMENTATIONS = YES;
				CLANG_WARN_DIRECT_OBJC_ISA_USAGE = YES_ERROR;
				CLANG_WARN_DOCUMENTATION_COMMENTS = YES;
				CLANG_WARN_EMPTY_BODY = YES;
				CLANG_WARN_ENUM_CONVERSION = YES;
				CLANG_WARN_INFINITE_RECURSION = YES;
				CLANG_WARN_INT_CONVERSION = YES;
				CLANG_WARN_NON_LITERAL_NULL_CONVERSION = YES;
				CLANG_WARN_OBJC_IMPLICIT_RETAIN_SELF = YES;
				CLANG_WARN_OBJC_LITERAL_CONVERSION = YES;
				CLANG_WARN_OBJC_ROOT_CLASS = YES_ERROR;
				CLANG_WARN_QUOTED_INCLUDE_IN_FRAMEWORK_HEADER = YES;
				CLANG_WARN_RANGE_LOOP_ANALYSIS = YES;
				CLANG_WARN_STRICT_PROTOTYPES = YES;
				CLANG_WARN_SUSPICIOUS_MOVE = YES;
				CLANG_WARN_UNGUARDED_AVAILABILITY = YES_AGGRESSIVE;
				CLANG_WARN_UNREACHABLE_CODE = YES;
				CLANG_WARN__DUPLICATE_METHOD_MATCH = YES;
				CODE_SIGN_IDENTITY = "iPhone Developer";
				COPY_PHASE_STRIP = NO;
				DEBUG_INFORMATION_FORMAT = dwarf;
				ENABLE_STRICT_OBJC_MSGSEND = YES;
				ENABLE_TESTABILITY = YES;
				GCC_C_LANGUAGE_STANDARD = gnu11;
				GCC_DYNAMIC_NO_PIC = NO;
				GCC_NO_COMMON_BLOCKS = YES;
				GCC_OPTIMIZATION_LEVEL = 0;
				GCC_PREPROCESSOR_DEFINITIONS = (
					"DEBUG=1",
					"$(inherited)",
				);
				GCC_WARN_64_TO_32_BIT_CONVERSION = YES;
				GCC_WARN_ABOUT_RETURN_TYPE = YES_ERROR;
				GCC_WARN_UNDECLARED_SELECTOR = YES;
				GCC_WARN_UNINITIALIZED_AUTOS = YES_AGGRESSIVE;
				GCC_WARN_UNUSED_FUNCTION = YES;
				GCC_WARN_UNUSED_VARIABLE = YES;
				IPHONEOS_DEPLOYMENT_TARGET = 13.0;
				MTL_ENABLE_DEBUG_INFO = INCLUDE_SOURCE;
				MTL_FAST_MATH = YES;
				ONLY_ACTIVE_ARCH = YES;
				SDKROOT = iphoneos;
				SWIFT_ACTIVE_COMPILATION_CONDITIONS = DEBUG;
				SWIFT_OPTIMIZATION_LEVEL = "-Onone";
			};
			name = Debug;
		};
		5DCC0D46227B427A0065DA28 /* Release */ = {
			isa = XCBuildConfiguration;
			baseConfigurationReference = 5D9B672325252DB20070C08D /* Release.xcconfig */;
			buildSettings = {
				ALWAYS_SEARCH_USER_PATHS = NO;
				CLANG_ANALYZER_LOCALIZABILITY_NONLOCALIZED = YES;
				CLANG_ANALYZER_NONNULL = YES;
				CLANG_ANALYZER_NUMBER_OBJECT_CONVERSION = YES_AGGRESSIVE;
				CLANG_CXX_LANGUAGE_STANDARD = "gnu++14";
				CLANG_CXX_LIBRARY = "libc++";
				CLANG_ENABLE_MODULES = YES;
				CLANG_ENABLE_OBJC_ARC = YES;
				CLANG_ENABLE_OBJC_WEAK = YES;
				CLANG_WARN_BLOCK_CAPTURE_AUTORELEASING = YES;
				CLANG_WARN_BOOL_CONVERSION = YES;
				CLANG_WARN_COMMA = YES;
				CLANG_WARN_CONSTANT_CONVERSION = YES;
				CLANG_WARN_DEPRECATED_OBJC_IMPLEMENTATIONS = YES;
				CLANG_WARN_DIRECT_OBJC_ISA_USAGE = YES_ERROR;
				CLANG_WARN_DOCUMENTATION_COMMENTS = YES;
				CLANG_WARN_EMPTY_BODY = YES;
				CLANG_WARN_ENUM_CONVERSION = YES;
				CLANG_WARN_INFINITE_RECURSION = YES;
				CLANG_WARN_INT_CONVERSION = YES;
				CLANG_WARN_NON_LITERAL_NULL_CONVERSION = YES;
				CLANG_WARN_OBJC_IMPLICIT_RETAIN_SELF = YES;
				CLANG_WARN_OBJC_LITERAL_CONVERSION = YES;
				CLANG_WARN_OBJC_ROOT_CLASS = YES_ERROR;
				CLANG_WARN_QUOTED_INCLUDE_IN_FRAMEWORK_HEADER = YES;
				CLANG_WARN_RANGE_LOOP_ANALYSIS = YES;
				CLANG_WARN_STRICT_PROTOTYPES = YES;
				CLANG_WARN_SUSPICIOUS_MOVE = YES;
				CLANG_WARN_UNGUARDED_AVAILABILITY = YES_AGGRESSIVE;
				CLANG_WARN_UNREACHABLE_CODE = YES;
				CLANG_WARN__DUPLICATE_METHOD_MATCH = YES;
				CODE_SIGN_IDENTITY = "iPhone Developer";
				COPY_PHASE_STRIP = NO;
				DEBUG_INFORMATION_FORMAT = "dwarf-with-dsym";
				ENABLE_NS_ASSERTIONS = NO;
				ENABLE_STRICT_OBJC_MSGSEND = YES;
				GCC_C_LANGUAGE_STANDARD = gnu11;
				GCC_NO_COMMON_BLOCKS = YES;
				GCC_WARN_64_TO_32_BIT_CONVERSION = YES;
				GCC_WARN_ABOUT_RETURN_TYPE = YES_ERROR;
				GCC_WARN_UNDECLARED_SELECTOR = YES;
				GCC_WARN_UNINITIALIZED_AUTOS = YES_AGGRESSIVE;
				GCC_WARN_UNUSED_FUNCTION = YES;
				GCC_WARN_UNUSED_VARIABLE = YES;
				IPHONEOS_DEPLOYMENT_TARGET = 13.0;
				MTL_ENABLE_DEBUG_INFO = NO;
				MTL_FAST_MATH = YES;
				SDKROOT = iphoneos;
				SWIFT_COMPILATION_MODE = wholemodule;
				SWIFT_OPTIMIZATION_LEVEL = "-O";
				VALIDATE_PRODUCT = YES;
			};
			name = Release;
		};
		5DCC0D48227B427A0065DA28 /* Debug */ = {
			isa = XCBuildConfiguration;
			baseConfigurationReference = 9C63D743A46BA13CC52CFADB /* Pods-Marvel.debug.xcconfig */;
			buildSettings = {
				ASSETCATALOG_COMPILER_APPICON_NAME = AppIcon;
				CODE_SIGN_STYLE = Automatic;
				INFOPLIST_FILE = "$(SRCROOT)/Marvel/Supporting Files/Info.plist";
				IPHONEOS_DEPLOYMENT_TARGET = 13.0;
				LD_RUNPATH_SEARCH_PATHS = (
					"$(inherited)",
					"@executable_path/Frameworks",
				);
				PRODUCT_BUNDLE_IDENTIFIER = com.anasalhasani.Marvel;
				PRODUCT_NAME = "$(TARGET_NAME)";
				SWIFT_VERSION = 5.0;
				TARGETED_DEVICE_FAMILY = 1;
			};
			name = Debug;
		};
		5DCC0D49227B427A0065DA28 /* Release */ = {
			isa = XCBuildConfiguration;
			baseConfigurationReference = 1674A4F5F15A4C709850F1D4 /* Pods-Marvel.release.xcconfig */;
			buildSettings = {
				ASSETCATALOG_COMPILER_APPICON_NAME = AppIcon;
				CODE_SIGN_STYLE = Automatic;
				INFOPLIST_FILE = "$(SRCROOT)/Marvel/Supporting Files/Info.plist";
				IPHONEOS_DEPLOYMENT_TARGET = 13.0;
				LD_RUNPATH_SEARCH_PATHS = (
					"$(inherited)",
					"@executable_path/Frameworks",
				);
				PRODUCT_BUNDLE_IDENTIFIER = com.anasalhasani.Marvel;
				PRODUCT_NAME = "$(TARGET_NAME)";
				SWIFT_VERSION = 5.0;
				TARGETED_DEVICE_FAMILY = 1;
			};
			name = Release;
		};
/* End XCBuildConfiguration section */

/* Begin XCConfigurationList section */
		5D606E26264D71AA00E8D23D /* Build configuration list for PBXNativeTarget "MarvelTests" */ = {
			isa = XCConfigurationList;
			buildConfigurations = (
				5D606E24264D71AA00E8D23D /* Debug */,
				5D606E25264D71AA00E8D23D /* Release */,
			);
			defaultConfigurationIsVisible = 0;
			defaultConfigurationName = Release;
		};
		5DCC0D30227B42790065DA28 /* Build configuration list for PBXProject "Marvel" */ = {
			isa = XCConfigurationList;
			buildConfigurations = (
				5DCC0D45227B427A0065DA28 /* Debug */,
				5DCC0D46227B427A0065DA28 /* Release */,
			);
			defaultConfigurationIsVisible = 0;
			defaultConfigurationName = Release;
		};
		5DCC0D47227B427A0065DA28 /* Build configuration list for PBXNativeTarget "Marvel" */ = {
			isa = XCConfigurationList;
			buildConfigurations = (
				5DCC0D48227B427A0065DA28 /* Debug */,
				5DCC0D49227B427A0065DA28 /* Release */,
			);
			defaultConfigurationIsVisible = 0;
			defaultConfigurationName = Release;
		};
/* End XCConfigurationList section */

/* Begin XCRemoteSwiftPackageReference section */
		5D161567264167E1004D00C4 /* XCRemoteSwiftPackageReference "CoreNetwork" */ = {
			isa = XCRemoteSwiftPackageReference;
			repositoryURL = "https://github.com/AnasAlhasani/CoreNetwork";
			requirement = {
				kind = upToNextMinorVersion;
				minimumVersion = 1.0.8;
			};
		};
		5D16156A264167FF004D00C4 /* XCRemoteSwiftPackageReference "Kingfisher" */ = {
			isa = XCRemoteSwiftPackageReference;
			repositoryURL = "https://github.com/onevcat/Kingfisher";
			requirement = {
				kind = upToNextMajorVersion;
				minimumVersion = 6.3.0;
			};
		};
		5D16156D26416829004D00C4 /* XCRemoteSwiftPackageReference "CryptoSwift" */ = {
			isa = XCRemoteSwiftPackageReference;
			repositoryURL = "https://github.com/krzyzanowskim/CryptoSwift";
			requirement = {
				kind = upToNextMajorVersion;
				minimumVersion = 1.4.0;
			};
		};
		5D16157026416895004D00C4 /* XCRemoteSwiftPackageReference "realm-cocoa" */ = {
			isa = XCRemoteSwiftPackageReference;
			repositoryURL = "https://github.com/realm/realm-cocoa";
			requirement = {
				kind = upToNextMajorVersion;
				minimumVersion = 10.7.4;
			};
		};
		5D6DFC2C27862B5C002078E4 /* XCRemoteSwiftPackageReference "XcodeConfig" */ = {
			isa = XCRemoteSwiftPackageReference;
			repositoryURL = "https://github.com/AnasAlhasani/XcodeConfig";
			requirement = {
				branch = master;
				kind = branch;
			};
		};
		5DA3D8312785C4B90067801A /* XCRemoteSwiftPackageReference "combine-schedulers" */ = {
			isa = XCRemoteSwiftPackageReference;
			repositoryURL = "https://github.com/pointfreeco/combine-schedulers";
			requirement = {
				branch = main;
				kind = branch;
			};
		};
		5DA3D8342785D3780067801A /* XCRemoteSwiftPackageReference "CombineCocoa" */ = {
			isa = XCRemoteSwiftPackageReference;
			repositoryURL = "https://github.com/CombineCommunity/CombineCocoa.git";
			requirement = {
				kind = upToNextMajorVersion;
				minimumVersion = 0.4.0;
			};
		};
/* End XCRemoteSwiftPackageReference section */

/* Begin XCSwiftPackageProductDependency section */
		5D161568264167E1004D00C4 /* CoreNetwork */ = {
			isa = XCSwiftPackageProductDependency;
			package = 5D161567264167E1004D00C4 /* XCRemoteSwiftPackageReference "CoreNetwork" */;
			productName = CoreNetwork;
		};
		5D16156B264167FF004D00C4 /* Kingfisher */ = {
			isa = XCSwiftPackageProductDependency;
			package = 5D16156A264167FF004D00C4 /* XCRemoteSwiftPackageReference "Kingfisher" */;
			productName = Kingfisher;
		};
		5D16156E26416829004D00C4 /* CryptoSwift */ = {
			isa = XCSwiftPackageProductDependency;
			package = 5D16156D26416829004D00C4 /* XCRemoteSwiftPackageReference "CryptoSwift" */;
			productName = CryptoSwift;
		};
		5D16157126416895004D00C4 /* RealmSwift */ = {
			isa = XCSwiftPackageProductDependency;
			package = 5D16157026416895004D00C4 /* XCRemoteSwiftPackageReference "realm-cocoa" */;
			productName = RealmSwift;
		};
		5D6DFC2D27862B5C002078E4 /* XcodeConfig */ = {
			isa = XCSwiftPackageProductDependency;
			package = 5D6DFC2C27862B5C002078E4 /* XCRemoteSwiftPackageReference "XcodeConfig" */;
			productName = XcodeConfig;
		};
		5DA3D8322785C4B90067801A /* CombineSchedulers */ = {
			isa = XCSwiftPackageProductDependency;
			package = 5DA3D8312785C4B90067801A /* XCRemoteSwiftPackageReference "combine-schedulers" */;
			productName = CombineSchedulers;
		};
		5DA3D8352785D3780067801A /* CombineCocoa */ = {
			isa = XCSwiftPackageProductDependency;
			package = 5DA3D8342785D3780067801A /* XCRemoteSwiftPackageReference "CombineCocoa" */;
			productName = CombineCocoa;
		};
/* End XCSwiftPackageProductDependency section */
	};
	rootObject = 5DCC0D2D227B42790065DA28 /* Project object */;
}
